<?xml version="1.0" encoding="utf-8"?>
<Project ToolsVersion="4.0" xmlns="http://schemas.microsoft.com/developer/msbuild/2003">
  <ItemGroup>
    <Filter Include="Source Files">
      <UniqueIdentifier>{4FC737F1-C7A5-4376-A066-2A32D752A2FF}</UniqueIdentifier>
      <Extensions>cpp;c;cc;cxx;def;odl;idl;hpj;bat;asm;asmx</Extensions>
    </Filter>
    <Filter Include="Header Files">
      <UniqueIdentifier>{93995380-89BD-4b04-88EB-625FBE52EBFB}</UniqueIdentifier>
      <Extensions>h;hh;hpp;hxx;hm;inl;inc;ipp;xsd</Extensions>
    </Filter>
    <Filter Include="Core">
      <UniqueIdentifier>{47cebb84-35cf-4f8d-a157-9df47d3b9dc6}</UniqueIdentifier>
    </Filter>
    <Filter Include="Core\Math">
      <UniqueIdentifier>{ef0c4bac-6bf2-4a50-9bce-7f0dd51dc6ce}</UniqueIdentifier>
    </Filter>
    <Filter Include="Core\DataStructures">
      <UniqueIdentifier>{dfaff1dd-ff3e-4495-ad9e-9aeeb8f226f2}</UniqueIdentifier>
    </Filter>
    <Filter Include="Resource Files">
      <UniqueIdentifier>{67DA6AB6-F800-4c08-8B7A-83BB121AAD01}</UniqueIdentifier>
      <Extensions>rc;ico;cur;bmp;dlg;rc2;rct;bin;rgs;gif;jpg;jpeg;jpe;resx;tiff;tif;png;wav;mfcribbon-ms</Extensions>
    </Filter>
  </ItemGroup>
  <ItemGroup>
    <ClInclude Include="stdafx.h">
      <Filter>Header Files</Filter>
    </ClInclude>
    <ClInclude Include="targetver.h">
      <Filter>Header Files</Filter>
    </ClInclude>
    <ClInclude Include="..\IsettaEngine\Core\Math\Math.h">
      <Filter>Header Files</Filter>
    </ClInclude>
    <ClInclude Include="..\IsettaEngine\Core\Math\Matrix3.h">
      <Filter>Header Files</Filter>
    </ClInclude>
    <ClInclude Include="..\IsettaEngine\Core\Math\Matrix4.h">
      <Filter>Header Files</Filter>
    </ClInclude>
    <ClInclude Include="..\IsettaEngine\Core\Math\Quaternion.h">
      <Filter>Header Files</Filter>
    </ClInclude>
    <ClInclude Include="..\IsettaEngine\Core\Math\Random.h">
      <Filter>Header Files</Filter>
    </ClInclude>
    <ClInclude Include="..\IsettaEngine\Core\Math\Rect.h">
      <Filter>Header Files</Filter>
    </ClInclude>
    <ClInclude Include="..\IsettaEngine\Core\Math\Vector2.h">
      <Filter>Header Files</Filter>
    </ClInclude>
    <ClInclude Include="..\IsettaEngine\Core\Math\Vector2Int.h">
      <Filter>Header Files</Filter>
    </ClInclude>
    <ClInclude Include="..\IsettaEngine\Core\Math\Vector3.h">
      <Filter>Header Files</Filter>
    </ClInclude>
    <ClInclude Include="..\IsettaEngine\Core\Math\Vector3Int.h">
      <Filter>Header Files</Filter>
    </ClInclude>
    <ClInclude Include="..\IsettaEngine\Core\Math\Vector4.h">
      <Filter>Header Files</Filter>
    </ClInclude>
    <ClInclude Include="..\IsettaEngine\Core\Color.h">
      <Filter>Header Files</Filter>
    </ClInclude>
    <ClInclude Include="..\IsettaEngine\Core\Memory\Memory.h">
      <Filter>Header Files</Filter>
    </ClInclude>
    <ClInclude Include="..\IsettaEngine\Core\DataStructures\RingBuffer.h">
      <Filter>Header Files</Filter>
    </ClInclude>
    <ClInclude Include="..\IsettaEngine\Core\Math\Util.h">
      <Filter>Header Files</Filter>
    </ClInclude>
    <ClInclude Include="..\External\SID\sid.h">
      <Filter>Header Files</Filter>
    </ClInclude>
    <ClInclude Include="..\IsettaEngine\Core\Memory\TemplatePoolAllocator.h">
      <Filter>Header Files</Filter>
    </ClInclude>
    <ClInclude Include="..\IsettaEngine\Core\IsettaAlias.h">
      <Filter>Header Files</Filter>
    </ClInclude>
    <ClInclude Include="..\IsettaEngine\Core\Debug\Assert.h">
      <Filter>Header Files</Filter>
    </ClInclude>
    <ClInclude Include="..\IsettaEngine\Core\DataStructures\Vector.h">
      <Filter>Header Files</Filter>
    </ClInclude>
    <ClInclude Include="..\IsettaEngine\Core\Debug\Logger.h">
      <Filter>Header Files</Filter>
    </ClInclude>
    <ClInclude Include="..\IsettaEngine\Core\Config\CVar.h">
      <Filter>Header Files</Filter>
    </ClInclude>
    <ClInclude Include="..\IsettaEngine\EngineLoop.h">
      <Filter>Header Files</Filter>
    </ClInclude>
    <ClInclude Include="..\IsettaEngine\Scene\Component.h">
      <Filter>Header Files</Filter>
    </ClInclude>
    <ClInclude Include="..\IsettaEngine\Core\Filesystem.h">
      <Filter>Header Files</Filter>
    </ClInclude>
    <ClInclude Include="..\IsettaEngine\Core\Time\Clock.h">
      <Filter>Header Files</Filter>
    </ClInclude>
    <ClInclude Include="..\IsettaEngine\Core\Time\StopWatch.h">
      <Filter>Header Files</Filter>
    </ClInclude>
    <ClInclude Include="..\IsettaEngine\Core\Time\Time.h">
      <Filter>Header Files</Filter>
    </ClInclude>
    <ClInclude Include="..\IsettaEngine\Audio\AudioModule.h">
      <Filter>Header Files</Filter>
    </ClInclude>
    <ClInclude Include="..\IsettaEngine\Audio\AudioSource.h">
      <Filter>Header Files</Filter>
    </ClInclude>
    <ClInclude Include="..\IsettaEngine\Collisions\CollisionsModule.h">
      <Filter>Header Files</Filter>
    </ClInclude>
    <ClInclude Include="..\IsettaEngine\Collisions\AABB.h">
      <Filter>Header Files</Filter>
    </ClInclude>
    <ClInclude Include="..\IsettaEngine\Collisions\BoxCollider.h">
      <Filter>Header Files</Filter>
    </ClInclude>
    <ClInclude Include="..\IsettaEngine\Collisions\BVTree.h">
      <Filter>Header Files</Filter>
    </ClInclude>
    <ClInclude Include="..\IsettaEngine\Collisions\CapsuleCollider.h">
      <Filter>Header Files</Filter>
    </ClInclude>
    <ClInclude Include="..\IsettaEngine\Collisions\Collider.h">
      <Filter>Header Files</Filter>
    </ClInclude>
    <ClInclude Include="..\IsettaEngine\Collisions\CollisionHandler.h">
      <Filter>Header Files</Filter>
    </ClInclude>
    <ClInclude Include="..\IsettaEngine\Collisions\Collisions.h">
      <Filter>Header Files</Filter>
    </ClInclude>
    <ClInclude Include="..\IsettaEngine\Collisions\CollisionUtil.h">
      <Filter>Header Files</Filter>
    </ClInclude>
    <ClInclude Include="..\IsettaEngine\Collisions\Plane.h">
      <Filter>Header Files</Filter>
    </ClInclude>
    <ClInclude Include="..\IsettaEngine\Collisions\Ray.h">
      <Filter>Header Files</Filter>
    </ClInclude>
    <ClInclude Include="..\IsettaEngine\Collisions\SphereCollider.h">
      <Filter>Header Files</Filter>
    </ClInclude>
    <ClInclude Include="..\IsettaEngine\Graphics\AnimationComponent.h">
      <Filter>Header Files</Filter>
    </ClInclude>
    <ClInclude Include="..\IsettaEngine\Graphics\CameraComponent.h">
      <Filter>Header Files</Filter>
    </ClInclude>
    <ClInclude Include="..\IsettaEngine\Graphics\GUI.h">
      <Filter>Header Files</Filter>
    </ClInclude>
    <ClInclude Include="..\IsettaEngine\Graphics\GUIModule.h">
      <Filter>Header Files</Filter>
    </ClInclude>
    <ClInclude Include="..\IsettaEngine\Graphics\GUIStyle.h">
      <Filter>Header Files</Filter>
    </ClInclude>
    <ClInclude Include="..\IsettaEngine\Graphics\LightComponent.h">
      <Filter>Header Files</Filter>
    </ClInclude>
    <ClInclude Include="..\IsettaEngine\Graphics\MeshComponent.h">
      <Filter>Header Files</Filter>
    </ClInclude>
    <ClInclude Include="..\IsettaEngine\Graphics\RectTransform.h">
      <Filter>Header Files</Filter>
    </ClInclude>
    <ClInclude Include="..\IsettaEngine\Graphics\RenderModule.h">
      <Filter>Header Files</Filter>
    </ClInclude>
    <ClInclude Include="..\IsettaEngine\Graphics\RenderNode.h">
      <Filter>Header Files</Filter>
    </ClInclude>
    <ClInclude Include="..\IsettaEngine\Graphics\Texture.h">
      <Filter>Header Files</Filter>
    </ClInclude>
    <ClInclude Include="..\IsettaEngine\Graphics\Window.h">
      <Filter>Header Files</Filter>
    </ClInclude>
    <ClInclude Include="..\IsettaEngine\Scene\Entity.h">
      <Filter>Header Files</Filter>
    </ClInclude>
    <ClInclude Include="..\IsettaEngine\Scene\IsettaLevel.h">
      <Filter>Header Files</Filter>
    </ClInclude>
    <ClInclude Include="..\IsettaEngine\Scene\Layers.h">
      <Filter>Header Files</Filter>
    </ClInclude>
    <ClInclude Include="..\IsettaEngine\Scene\Level.h">
      <Filter>Header Files</Filter>
    </ClInclude>
    <ClInclude Include="..\IsettaEngine\Scene\LevelManager.h">
      <Filter>Header Files</Filter>
    </ClInclude>
    <ClInclude Include="..\IsettaEngine\Scene\Transform.h">
      <Filter>Header Files</Filter>
    </ClInclude>
    <ClInclude Include="..\IsettaEngine\Core\Debug\Debug.h">
      <Filter>Header Files</Filter>
    </ClInclude>
    <ClInclude Include="..\IsettaEngine\Core\Debug\DebugDraw.h">
      <Filter>Header Files</Filter>
    </ClInclude>
    <ClInclude Include="..\IsettaEngine\Input\Input.h">
      <Filter>Header Files</Filter>
    </ClInclude>
    <ClInclude Include="..\IsettaEngine\Input\InputModule.h">
      <Filter>Header Files</Filter>
    </ClInclude>
    <ClInclude Include="..\IsettaEngine\Input\KeyCode.h">
      <Filter>Header Files</Filter>
    </ClInclude>
    <ClInclude Include="..\IsettaEngine\Networking\Messages.h">
      <Filter>Header Files</Filter>
    </ClInclude>
    <ClInclude Include="..\IsettaEngine\Networking\NetworkId.h">
      <Filter>Header Files</Filter>
    </ClInclude>
    <ClInclude Include="..\IsettaEngine\Networking\NetworkingModule.h">
      <Filter>Header Files</Filter>
    </ClInclude>
    <ClInclude Include="..\IsettaEngine\Networking\NetworkManager.h">
      <Filter>Header Files</Filter>
    </ClInclude>
    <ClInclude Include="..\IsettaEngine\Core\Config\Config.h">
      <Filter>Header Files</Filter>
    </ClInclude>
    <ClInclude Include="..\IsettaEngine\Core\Config\CVarRegistry.h">
      <Filter>Header Files</Filter>
    </ClInclude>
    <ClInclude Include="..\IsettaEngine\Core\Config\ICVar.h">
      <Filter>Header Files</Filter>
    </ClInclude>
    <ClInclude Include="..\IsettaEngine\Events\EventObject.h">
      <Filter>Header Files</Filter>
    </ClInclude>
    <ClInclude Include="..\IsettaEngine\Events\Events.h">
      <Filter>Header Files</Filter>
    </ClInclude>
    <ClInclude Include="..\IsettaEngine\Application.h">
      <Filter>Header Files</Filter>
    </ClInclude>
    <ClInclude Include="..\IsettaEngine\Core\DataStructures\HandleBin.h">
      <Filter>Header Files</Filter>
    </ClInclude>
    <ClInclude Include="..\IsettaEngine\Networking\NetworkTransform.h">
      <Filter>Header Files</Filter>
    </ClInclude>
  </ItemGroup>
  <ItemGroup>
    <ClCompile Include="Core\Math\Matrix3Test.cpp">
      <Filter>Core\Math</Filter>
    </ClCompile>
    <ClCompile Include="Core\Math\Vector2IntTest.cpp">
      <Filter>Core\Math</Filter>
    </ClCompile>
    <ClCompile Include="Core\Math\Vector2Test.cpp">
      <Filter>Core\Math</Filter>
    </ClCompile>
    <ClCompile Include="Core\Math\Vector3IntTest.cpp">
      <Filter>Core\Math</Filter>
    </ClCompile>
    <ClCompile Include="Core\Math\Vector3Test.cpp">
      <Filter>Core\Math</Filter>
    </ClCompile>
    <ClCompile Include="Core\Math\Vector4Test.cpp">
      <Filter>Core\Math</Filter>
    </ClCompile>
    <ClCompile Include="Core\ColorTest.cpp">
      <Filter>Core</Filter>
    </ClCompile>
    <ClCompile Include="Core\DataStructures\RingBufferTest.cpp">
      <Filter>Core\DataStructures</Filter>
    </ClCompile>
    <ClCompile Include="Core\Math\UtilTest.cpp">
      <Filter>Core\Math</Filter>
    </ClCompile>
    <ClCompile Include="TestInitialization.cpp">
      <Filter>Core</Filter>
    </ClCompile>
    <ClCompile Include="..\IsettaEngine\Core\Math\Matrix3.cpp">
      <Filter>Source Files</Filter>
    </ClCompile>
    <ClCompile Include="..\IsettaEngine\Core\Math\Matrix4.cpp">
      <Filter>Source Files</Filter>
    </ClCompile>
    <ClCompile Include="..\IsettaEngine\Core\Math\Quaternion.cpp">
      <Filter>Source Files</Filter>
    </ClCompile>
    <ClCompile Include="..\IsettaEngine\Core\Math\Random.cpp">
      <Filter>Source Files</Filter>
    </ClCompile>
    <ClCompile Include="..\IsettaEngine\Core\Math\Rect.cpp">
      <Filter>Source Files</Filter>
    </ClCompile>
    <ClCompile Include="..\IsettaEngine\Core\Math\Util.cpp">
      <Filter>Source Files</Filter>
    </ClCompile>
    <ClCompile Include="..\IsettaEngine\Core\Math\Vector2.cpp">
      <Filter>Source Files</Filter>
    </ClCompile>
    <ClCompile Include="..\IsettaEngine\Core\Math\Vector2Int.cpp">
      <Filter>Source Files</Filter>
    </ClCompile>
    <ClCompile Include="..\IsettaEngine\Core\Math\Vector3.cpp">
      <Filter>Source Files</Filter>
    </ClCompile>
    <ClCompile Include="..\IsettaEngine\Core\Math\Vector3Int.cpp">
      <Filter>Source Files</Filter>
    </ClCompile>
    <ClCompile Include="..\IsettaEngine\Core\Math\Vector4.cpp">
      <Filter>Source Files</Filter>
    </ClCompile>
    <ClCompile Include="..\IsettaEngine\Core\Memory\DoubleBufferedAllocator.cpp">
      <Filter>Source Files</Filter>
    </ClCompile>
    <ClCompile Include="..\IsettaEngine\Core\Memory\FreeListAllocator.cpp">
      <Filter>Source Files</Filter>
    </ClCompile>
    <ClCompile Include="..\IsettaEngine\Core\Memory\MemoryArena.cpp">
      <Filter>Source Files</Filter>
    </ClCompile>
    <ClCompile Include="..\IsettaEngine\Core\Memory\MemoryManager.cpp">
      <Filter>Source Files</Filter>
    </ClCompile>
    <ClCompile Include="..\IsettaEngine\Core\Memory\MemUtil.cpp">
      <Filter>Source Files</Filter>
    </ClCompile>
    <ClCompile Include="..\IsettaEngine\Core\Memory\ObjectHandle.cpp">
      <Filter>Source Files</Filter>
    </ClCompile>
    <ClCompile Include="..\IsettaEngine\Core\Memory\PoolAllocator.cpp">
      <Filter>Source Files</Filter>
    </ClCompile>
    <ClCompile Include="..\IsettaEngine\Core\Memory\StackAllocator.cpp">
      <Filter>Source Files</Filter>
    </ClCompile>
    <ClCompile Include="..\IsettaEngine\Core\Color.cpp">
      <Filter>Source Files</Filter>
    </ClCompile>
    <ClCompile Include="..\IsettaEngine\Core\Debug\Logger.cpp">
      <Filter>Source Files</Filter>
    </ClCompile>
    <ClCompile Include="..\IsettaEngine\Core\Config\CVar.cpp">
      <Filter>Source Files</Filter>
    </ClCompile>
    <ClCompile Include="..\IsettaEngine\EngineLoop.cpp">
      <Filter>Source Files</Filter>
    </ClCompile>
    <ClCompile Include="..\IsettaEngine\Scene\Component.cpp">
      <Filter>Source Files</Filter>
    </ClCompile>
    <ClCompile Include="..\IsettaEngine\Core\Filesystem.cpp">
      <Filter>Source Files</Filter>
    </ClCompile>
    <ClCompile Include="..\IsettaEngine\Core\Time\Clock.cpp">
      <Filter>Source Files</Filter>
    </ClCompile>
    <ClCompile Include="..\IsettaEngine\Core\Time\StopWatch.cpp">
      <Filter>Source Files</Filter>
    </ClCompile>
    <ClCompile Include="..\IsettaEngine\Audio\AudioModule.cpp">
      <Filter>Source Files</Filter>
    </ClCompile>
    <ClCompile Include="..\IsettaEngine\Audio\AudioSource.cpp">
      <Filter>Source Files</Filter>
    </ClCompile>
    <ClCompile Include="..\IsettaEngine\Collisions\CollisionsModule.cpp">
      <Filter>Source Files</Filter>
    </ClCompile>
    <ClCompile Include="..\IsettaEngine\Collisions\AABB.cpp">
      <Filter>Source Files</Filter>
    </ClCompile>
    <ClCompile Include="..\IsettaEngine\Collisions\BoxCollider.cpp">
      <Filter>Source Files</Filter>
    </ClCompile>
    <ClCompile Include="..\IsettaEngine\Collisions\BVTree.cpp">
      <Filter>Source Files</Filter>
    </ClCompile>
    <ClCompile Include="..\IsettaEngine\Collisions\CapsuleCollider.cpp">
      <Filter>Source Files</Filter>
    </ClCompile>
    <ClCompile Include="..\IsettaEngine\Collisions\Collider.cpp">
      <Filter>Source Files</Filter>
    </ClCompile>
    <ClCompile Include="..\IsettaEngine\Collisions\CollisionHandler.cpp">
      <Filter>Source Files</Filter>
    </ClCompile>
    <ClCompile Include="..\IsettaEngine\Collisions\Collisions.cpp">
      <Filter>Source Files</Filter>
    </ClCompile>
    <ClCompile Include="..\IsettaEngine\Collisions\Plane.cpp">
      <Filter>Source Files</Filter>
    </ClCompile>
    <ClCompile Include="..\IsettaEngine\Collisions\SphereCollider.cpp">
      <Filter>Source Files</Filter>
    </ClCompile>
    <ClCompile Include="..\IsettaEngine\Graphics\AnimationComponent.cpp">
      <Filter>Source Files</Filter>
    </ClCompile>
    <ClCompile Include="..\IsettaEngine\Graphics\CameraComponent.cpp">
      <Filter>Source Files</Filter>
    </ClCompile>
    <ClCompile Include="..\IsettaEngine\Graphics\GUI.cpp">
      <Filter>Source Files</Filter>
    </ClCompile>
    <ClCompile Include="..\IsettaEngine\Graphics\GUIModule.cpp">
      <Filter>Source Files</Filter>
    </ClCompile>
    <ClCompile Include="..\IsettaEngine\Graphics\GUIStyle.cpp">
      <Filter>Source Files</Filter>
    </ClCompile>
    <ClCompile Include="..\IsettaEngine\Graphics\LightComponent.cpp">
      <Filter>Source Files</Filter>
    </ClCompile>
    <ClCompile Include="..\IsettaEngine\Graphics\MeshComponent.cpp">
      <Filter>Source Files</Filter>
    </ClCompile>
    <ClCompile Include="..\IsettaEngine\Graphics\RenderModule.cpp">
      <Filter>Source Files</Filter>
    </ClCompile>
    <ClCompile Include="..\IsettaEngine\Graphics\RenderNode.cpp">
      <Filter>Source Files</Filter>
    </ClCompile>
    <ClCompile Include="..\IsettaEngine\Graphics\Texture.cpp">
      <Filter>Source Files</Filter>
    </ClCompile>
    <ClCompile Include="..\IsettaEngine\Graphics\Window.cpp">
      <Filter>Source Files</Filter>
    </ClCompile>
    <ClCompile Include="..\IsettaEngine\Scene\Entity.cpp">
      <Filter>Source Files</Filter>
    </ClCompile>
    <ClCompile Include="..\IsettaEngine\Scene\Layers.cpp">
      <Filter>Source Files</Filter>
    </ClCompile>
    <ClCompile Include="..\IsettaEngine\Scene\Level.cpp">
      <Filter>Source Files</Filter>
    </ClCompile>
    <ClCompile Include="..\IsettaEngine\Scene\LevelManager.cpp">
      <Filter>Source Files</Filter>
    </ClCompile>
    <ClCompile Include="..\IsettaEngine\Scene\Transform.cpp">
      <Filter>Source Files</Filter>
    </ClCompile>
    <ClCompile Include="..\IsettaEngine\Core\Debug\DebugDraw.cpp">
      <Filter>Source Files</Filter>
    </ClCompile>
    <ClCompile Include="..\IsettaEngine\Input\Input.cpp">
      <Filter>Source Files</Filter>
    </ClCompile>
    <ClCompile Include="..\IsettaEngine\Input\InputModule.cpp">
      <Filter>Source Files</Filter>
    </ClCompile>
    <ClCompile Include="..\IsettaEngine\Networking\NetworkId.cpp">
      <Filter>Source Files</Filter>
    </ClCompile>
    <ClCompile Include="..\IsettaEngine\Networking\NetworkingModule.cpp">
      <Filter>Source Files</Filter>
    </ClCompile>
    <ClCompile Include="..\IsettaEngine\Networking\NetworkManager.cpp">
      <Filter>Source Files</Filter>
    </ClCompile>
    <ClCompile Include="..\IsettaEngine\Core\Config\Config.cpp">
      <Filter>Source Files</Filter>
    </ClCompile>
    <ClCompile Include="..\IsettaEngine\Events\EventObject.cpp">
      <Filter>Source Files</Filter>
    </ClCompile>
    <ClCompile Include="..\IsettaEngine\Events\Events.cpp">
      <Filter>Source Files</Filter>
    </ClCompile>
    <ClCompile Include="..\IsettaEngine\Application.cpp">
      <Filter>Source Files</Filter>
    </ClCompile>
    <ClCompile Include="Core\DataStructures\TrieTest.cpp">
      <Filter>Core\DataStructures</Filter>
    </ClCompile>
    <ClCompile Include="Core\DataStructures\ArrayTest.cpp">
      <Filter>Core\DataStructures</Filter>
    </ClCompile>
    <ClCompile Include="Core\DataStructures\PriorityQueueTest.cpp">
      <Filter>Core\DataStructures</Filter>
    </ClCompile>
    <ClCompile Include="..\IsettaEngine\Core\DataStructures\HandleBin.cpp">
      <Filter>Source Files</Filter>
    </ClCompile>
    <ClCompile Include="..\IsettaEngine\Networking\NetworkTransform.cpp">
      <Filter>Source Files</Filter>
    </ClCompile>
  </ItemGroup>
  <ItemGroup>
    <None Include="packages.config" />
  </ItemGroup>
</Project>