<?xml version="1.0" encoding="utf-8"?>
<Project ToolsVersion="4.0" xmlns="http://schemas.microsoft.com/developer/msbuild/2003">
  <ItemGroup>
    <ClCompile Include="main.cpp" />
    <ClCompile Include="Level\ExampleLevel.cpp">
      <Filter>Level</Filter>
    </ClCompile>
    <ClCompile Include="Components\ExampleComponent.cpp">
      <Filter>Components</Filter>
    </ClCompile>
    <ClCompile Include="Components\PlayerController.cpp">
      <Filter>Components</Filter>
    </ClCompile>
    <ClCompile Include="Level\Level1.cpp">
      <Filter>Level</Filter>
    </ClCompile>
    <ClCompile Include="Components\Bullet.cpp">
      <Filter>Components</Filter>
    </ClCompile>
    <ClCompile Include="Components\CameraController.cpp">
      <Filter>Components</Filter>
    </ClCompile>
  </ItemGroup>
  <ItemGroup>
    <None Include="config.cfg" />
    <None Include="user.cfg" />
  </ItemGroup>
  <ItemGroup>
    <Filter Include="Level">
      <UniqueIdentifier>{ba77bd2b-051f-402a-a5da-d8af8acaacbd}</UniqueIdentifier>
    </Filter>
    <Filter Include="Components">
      <UniqueIdentifier>{3f2ed55d-bb73-41ad-a2e2-f15247894eff}</UniqueIdentifier>
    </Filter>
  </ItemGroup>
  <ItemGroup>
    <ClInclude Include="Level\ExampleLevel.h">
      <Filter>Level</Filter>
    </ClInclude>
    <ClInclude Include="Components\ExampleComponent.h">
      <Filter>Components</Filter>
    </ClInclude>
    <ClInclude Include="Components\PlayerController.h">
      <Filter>Components</Filter>
    </ClInclude>
    <ClInclude Include="Level\Level1.h">
      <Filter>Level</Filter>
    </ClInclude>
    <ClInclude Include="Components\Bullet.h">
      <Filter>Components</Filter>
    </ClInclude>
    <ClInclude Include="Components\CameraController.h">
      <Filter>Components</Filter>
    </ClInclude>
  </ItemGroup>
</Project>