<?xml version="1.0" encoding="utf-8"?>
<Project ToolsVersion="4.0" xmlns="http://schemas.microsoft.com/developer/msbuild/2003">
  <ItemGroup>
    <ClCompile Include="main.cpp" />
    <ClCompile Include="GUILevel\GUIComponent.cpp">
      <Filter>GUI Level</Filter>
    </ClCompile>
    <ClCompile Include="GUILevel\GUILevel.cpp">
      <Filter>GUI Level</Filter>
    </ClCompile>
    <ClCompile Include="DebugLevel\DebugComponent.cpp">
      <Filter>Debug Level</Filter>
    </ClCompile>
    <ClCompile Include="DebugLevel\DebugLevel.cpp">
      <Filter>Debug Level</Filter>
    </ClCompile>
    <ClCompile Include="Halves\Bullet.cpp">
      <Filter>Halves</Filter>
    </ClCompile>
    <ClCompile Include="Halves\CameraController.cpp">
      <Filter>Halves</Filter>
    </ClCompile>
    <ClCompile Include="Halves\GameManager.cpp">
      <Filter>Halves</Filter>
    </ClCompile>
    <ClCompile Include="Halves\Level1.cpp">
      <Filter>Halves</Filter>
    </ClCompile>
    <ClCompile Include="Halves\PlayerController.cpp">
      <Filter>Halves</Filter>
    </ClCompile>
    <ClCompile Include="Halves\Zombie.cpp">
      <Filter>Halves</Filter>
    </ClCompile>
    <ClCompile Include="Example\ExampleComponent.cpp">
      <Filter>Example</Filter>
    </ClCompile>
    <ClCompile Include="Example\ExampleLevel.cpp">
      <Filter>Example</Filter>
    </ClCompile>
    <ClCompile Include="InputLevel\InputLevel.cpp">
      <Filter>Input Level</Filter>
    </ClCompile>
    <ClCompile Include="InputLevel\InputTestComponent.cpp">
      <Filter>Input Level</Filter>
    </ClCompile>
    <ClCompile Include="Week10MiniGame\Week10Level.cpp">
      <Filter>Week10MiniGame</Filter>
    </ClCompile>
  </ItemGroup>
  <ItemGroup>
    <None Include="config.cfg" />
  </ItemGroup>
  <ItemGroup>
    <Filter Include="GUI Level">
      <UniqueIdentifier>{f2d9fe62-d581-4bf4-97ba-e5aec5129198}</UniqueIdentifier>
    </Filter>
    <Filter Include="Debug Level">
      <UniqueIdentifier>{c701d3fd-d9ec-4002-8464-cf2fc751dc78}</UniqueIdentifier>
    </Filter>
    <Filter Include="Halves">
      <UniqueIdentifier>{4aa29f51-7ac3-496d-a336-2d7f5e1baed0}</UniqueIdentifier>
    </Filter>
    <Filter Include="Example">
      <UniqueIdentifier>{ed8f8d87-125f-4dc1-9db0-ef26e043470d}</UniqueIdentifier>
    </Filter>
    <Filter Include="Input Level">
      <UniqueIdentifier>{b2aa16a6-0583-4fa7-8226-452f3aaeeb72}</UniqueIdentifier>
    </Filter>
    <Filter Include="Week10MiniGame">
      <UniqueIdentifier>{fc75b8db-ca98-41c5-9514-c1160776a012}</UniqueIdentifier>
    </Filter>
  </ItemGroup>
  <ItemGroup>
    <ClInclude Include="GUILevel\GUILevel.h">
      <Filter>GUI Level</Filter>
    </ClInclude>
    <ClInclude Include="GUILevel\GUIComponent.h">
      <Filter>GUI Level</Filter>
    </ClInclude>
    <ClInclude Include="DebugLevel\DebugComponent.h">
      <Filter>Debug Level</Filter>
    </ClInclude>
    <ClInclude Include="DebugLevel\DebugLevel.h">
      <Filter>Debug Level</Filter>
    </ClInclude>
    <ClInclude Include="Halves\Bullet.h">
      <Filter>Halves</Filter>
    </ClInclude>
    <ClInclude Include="Halves\CameraController.h">
      <Filter>Halves</Filter>
    </ClInclude>
    <ClInclude Include="Halves\GameManager.h">
      <Filter>Halves</Filter>
    </ClInclude>
    <ClInclude Include="Halves\Level1.h">
      <Filter>Halves</Filter>
    </ClInclude>
    <ClInclude Include="Halves\PlayerController.h">
      <Filter>Halves</Filter>
    </ClInclude>
    <ClInclude Include="Halves\Zombie.h">
      <Filter>Halves</Filter>
    </ClInclude>
    <ClInclude Include="Example\ExampleComponent.h">
      <Filter>Example</Filter>
    </ClInclude>
    <ClInclude Include="Example\ExampleLevel.h">
      <Filter>Example</Filter>
    </ClInclude>
    <ClInclude Include="InputLevel\InputLevel.h">
      <Filter>Input Level</Filter>
    </ClInclude>
    <ClInclude Include="InputLevel\InputTestComponent.h">
      <Filter>Input Level</Filter>
    </ClInclude>
    <ClInclude Include="Week10MiniGame\Week10Level.h">
      <Filter>Week10MiniGame</Filter>
    </ClInclude>
  </ItemGroup>
</Project>