<?xml version="1.0" encoding="utf-8"?>
<Project ToolsVersion="4.0" xmlns="http://schemas.microsoft.com/developer/msbuild/2003">
  <ItemGroup>
    <ClCompile Include="main.cpp" />
    <ClCompile Include="GUILevel\GUIComponent.cpp">
      <Filter>GUILevel</Filter>
    </ClCompile>
    <ClCompile Include="GUILevel\GUILevel.cpp">
      <Filter>GUILevel</Filter>
    </ClCompile>
    <ClCompile Include="DebugLevel\DebugComponent.cpp">
      <Filter>DebugLevel</Filter>
    </ClCompile>
    <ClCompile Include="DebugLevel\DebugLevel.cpp">
      <Filter>DebugLevel</Filter>
    </ClCompile>
    <ClCompile Include="Halves\Bullet.cpp">
      <Filter>Halves</Filter>
    </ClCompile>
    <ClCompile Include="Halves\CameraController.cpp">
      <Filter>Halves</Filter>
    </ClCompile>
    <ClCompile Include="Halves\GameManager.cpp">
      <Filter>Halves</Filter>
    </ClCompile>
    <ClCompile Include="Halves\PlayerController.cpp">
      <Filter>Halves</Filter>
    </ClCompile>
    <ClCompile Include="Halves\Zombie.cpp">
      <Filter>Halves</Filter>
    </ClCompile>
    <ClCompile Include="Example\ExampleComponent.cpp">
      <Filter>Example</Filter>
    </ClCompile>
    <ClCompile Include="Example\ExampleLevel.cpp">
      <Filter>Example</Filter>
    </ClCompile>
    <ClCompile Include="InputLevel\InputLevel.cpp">
      <Filter>InputLevel</Filter>
    </ClCompile>
    <ClCompile Include="InputLevel\InputTestComponent.cpp">
      <Filter>InputLevel</Filter>
    </ClCompile>
    <ClCompile Include="Week10MiniGame\Week10Level.cpp">
      <Filter>Week10MiniGame</Filter>
    </ClCompile>
    <ClCompile Include="Week10MiniGame\W10Player.cpp">
      <Filter>Week10MiniGame</Filter>
    </ClCompile>
    <ClCompile Include="Week10MiniGame\W10NetworkManager.cpp">
      <Filter>Week10MiniGame</Filter>
    </ClCompile>
    <ClCompile Include="Week10MiniGame\W10GameManager.cpp">
      <Filter>Week10MiniGame</Filter>
    </ClCompile>
    <ClCompile Include="Week10MiniGame\W10UIManager.cpp">
      <Filter>Week10MiniGame</Filter>
    </ClCompile>
    <ClCompile Include="Week10MiniGame\W10NetworkPlayer.cpp">
      <Filter>Week10MiniGame</Filter>
    </ClCompile>
    <ClCompile Include="KnightGame\Level\KnightMainLevel.cpp">
      <Filter>KnightGame\Level</Filter>
    </ClCompile>
    <ClCompile Include="KnightGame\Gameplay\KnightController.cpp">
      <Filter>KnightGame\Gameplay</Filter>
    </ClCompile>
    <ClCompile Include="KnightGame\Gameplay\SwordController.cpp">
      <Filter>KnightGame\Gameplay</Filter>
    </ClCompile>
    <ClCompile Include="KnightGame\Gameplay\SpinAttack.cpp">
      <Filter>KnightGame\Gameplay</Filter>
    </ClCompile>
    <ClCompile Include="KnightGame\Gameplay\FollowComponent.cpp">
      <Filter>KnightGame\Gameplay</Filter>
    </ClCompile>
    <ClCompile Include="KnightGame\Gameplay\FireballCircle.cpp">
      <Filter>KnightGame\Gameplay</Filter>
    </ClCompile>
    <ClCompile Include="KnightGame\Gameplay\Enemy.cpp">
      <Filter>KnightGame\Gameplay</Filter>
    </ClCompile>
    <ClCompile Include="KnightGame\Gameplay\ScreenShifter.cpp">
      <Filter>KnightGame\Gameplay</Filter>
    </ClCompile>
    <ClCompile Include="KnightGame\Gameplay\ScoreManager.cpp">
      <Filter>KnightGame\Gameplay</Filter>
    </ClCompile>
    <ClCompile Include="Custom\EscapeExit.cpp">
      <Filter>Custom</Filter>
    </ClCompile>
    <ClCompile Include="Custom\DebugCollision.cpp">
      <Filter>Custom</Filter>
    </ClCompile>
    <ClCompile Include="Custom\KeyTransform.cpp">
      <Filter>Custom</Filter>
    </ClCompile>
    <ClCompile Include="Custom\OscillateMove.cpp">
      <Filter>Custom</Filter>
    </ClCompile>
    <ClCompile Include="Custom\RaycastClick.cpp">
      <Filter>Custom</Filter>
    </ClCompile>
    <ClCompile Include="EmptyLevel\EmptyLevel.cpp">
      <Filter>EmptyLevel</Filter>
    </ClCompile>
    <ClCompile Include="EventLevel\EventListenerComponent.cpp">
      <Filter>EventLevel</Filter>
    </ClCompile>
    <ClCompile Include="EventLevel\EventSenderComponent.cpp">
      <Filter>EventLevel</Filter>
    </ClCompile>
    <ClCompile Include="EventLevel\EventLevel.cpp">
      <Filter>EventLevel</Filter>
    </ClCompile>
    <ClCompile Include="BVHLevel\BVHLevel.cpp">
      <Filter>BVHLevel</Filter>
    </ClCompile>
    <ClCompile Include="BVHLevel\RandomMover.cpp">
      <Filter>BVHLevel</Filter>
    </ClCompile>
    <ClCompile Include="EditorLevel\EditorLevel.cpp">
      <Filter>EditorLevel</Filter>
    </ClCompile>
    <ClCompile Include="AILevel\AILevel.cpp">
      <Filter>AILevel</Filter>
    </ClCompile>
    <ClCompile Include="CollisionSolverLevel\CollisionSolverLevel.cpp">
      <Filter>CollisionSolverLevel</Filter>
    </ClCompile>
    <ClCompile Include="CollisionsLevel\CollisionsLevel.cpp">
      <Filter>CollisionsLevel</Filter>
    </ClCompile>
    <ClCompile Include="MeshAnimLevel\MeshAnimLevel.cpp">
      <Filter>MeshAnimLevel</Filter>
    </ClCompile>
    <ClCompile Include="AudioLevel\AudioLevel.cpp">
      <Filter>AudioLevel</Filter>
    </ClCompile>
    <ClCompile Include="AudioLevel\AudioPlay.cpp">
      <Filter>AudioLevel</Filter>
    </ClCompile>
    <ClCompile Include="PrimitiveLevel\PrimitiveLevel.cpp">
      <Filter>PrimitiveLevel</Filter>
    </ClCompile>
    <ClCompile Include="SkeletonLevel\SkeletonLevel.cpp">
      <Filter>SkeletonLevel</Filter>
    </ClCompile>
    <ClCompile Include="GUILevel\FontExample.cpp">
      <Filter>GUILevel</Filter>
    </ClCompile>
    <ClCompile Include="Halves\HalvesLevel.cpp">
      <Filter>Halves</Filter>
    </ClCompile>
    <ClCompile Include="LevelLoadingLevel\LevelLoadingLevel.cpp">
      <Filter>LevelLoadingLevel</Filter>
    </ClCompile>
    <ClCompile Include="NetworkLevel\NetworkLevel.cpp">
      <Filter>NetworkLevel</Filter>
    </ClCompile>
    <ClCompile Include="AILevel\AITestComponent.cpp">
      <Filter>AILevel</Filter>
    </ClCompile>
    <ClCompile Include="NetworkLevel\NetworkTestComp.cpp">
      <Filter>NetworkLevel</Filter>
    </ClCompile>
    <ClCompile Include="NetworkLevel\EmptyLevelForNetworkLoadLevel.cpp">
      <Filter>NetworkLevel</Filter>
    </ClCompile>
    <ClCompile Include="pch.cpp" />
    <ClCompile Include="LevelLoadingLevel\LoadNextLevel.cpp">
      <Filter>LevelLoadingLevel</Filter>
    </ClCompile>
    <ClCompile Include="WindowLevel\WindowLevel.cpp">
      <Filter>WindowLevel</Filter>
    </ClCompile>
  </ItemGroup>
  <ItemGroup>
    <None Include="config.cfg" />
    <None Include="cpp.hint" />
    <None Include="user.cfg" />
  </ItemGroup>
  <ItemGroup>
    <Filter Include="Halves">
      <UniqueIdentifier>{4aa29f51-7ac3-496d-a336-2d7f5e1baed0}</UniqueIdentifier>
    </Filter>
    <Filter Include="Example">
      <UniqueIdentifier>{ed8f8d87-125f-4dc1-9db0-ef26e043470d}</UniqueIdentifier>
    </Filter>
    <Filter Include="Week10MiniGame">
      <UniqueIdentifier>{fc75b8db-ca98-41c5-9514-c1160776a012}</UniqueIdentifier>
    </Filter>
    <Filter Include="KnightGame">
      <UniqueIdentifier>{05a8ed62-fcd9-4190-a314-79455c7d2b87}</UniqueIdentifier>
    </Filter>
    <Filter Include="KnightGame\Gameplay">
      <UniqueIdentifier>{1882b48d-26e4-4f7f-98d0-d16732d9f3c7}</UniqueIdentifier>
    </Filter>
    <Filter Include="KnightGame\Level">
      <UniqueIdentifier>{d860470e-e479-4fed-8df3-14ffca666fed}</UniqueIdentifier>
    </Filter>
    <Filter Include="DebugLevel">
      <UniqueIdentifier>{c701d3fd-d9ec-4002-8464-cf2fc751dc78}</UniqueIdentifier>
    </Filter>
    <Filter Include="GUILevel">
      <UniqueIdentifier>{f2d9fe62-d581-4bf4-97ba-e5aec5129198}</UniqueIdentifier>
    </Filter>
    <Filter Include="Custom">
      <UniqueIdentifier>{4ab58d30-598c-4141-a61d-7d1f0ed5122b}</UniqueIdentifier>
    </Filter>
    <Filter Include="AILevel">
      <UniqueIdentifier>{05f9ef7f-592c-483b-886d-b35ca644a41d}</UniqueIdentifier>
    </Filter>
    <Filter Include="AudioLevel">
      <UniqueIdentifier>{baf47943-1f66-4281-a8ce-cfe20b061795}</UniqueIdentifier>
    </Filter>
    <Filter Include="BVHLevel">
      <UniqueIdentifier>{29147819-32b3-4960-ab02-87b8952f74c7}</UniqueIdentifier>
    </Filter>
    <Filter Include="CollisionsLevel">
      <UniqueIdentifier>{dc3262dc-1d67-42a6-b1a6-3ef28ede6c2d}</UniqueIdentifier>
    </Filter>
    <Filter Include="CollisionSolverLevel">
      <UniqueIdentifier>{29ec4a2c-7622-4442-9e59-3988ec76b7c1}</UniqueIdentifier>
    </Filter>
    <Filter Include="EditorLevel">
      <UniqueIdentifier>{2de6e121-d107-465d-a151-c09407894446}</UniqueIdentifier>
    </Filter>
    <Filter Include="EmptyLevel">
      <UniqueIdentifier>{b638ba36-ebb9-494c-a97b-2e1e7e9d2983}</UniqueIdentifier>
    </Filter>
    <Filter Include="MeshAnimLevel">
      <UniqueIdentifier>{4f8cf1e4-1477-4357-bbd8-eedd31d9ee9f}</UniqueIdentifier>
    </Filter>
    <Filter Include="PrimitiveLevel">
      <UniqueIdentifier>{8884d0e8-f654-410c-bffa-b3c3294e3147}</UniqueIdentifier>
    </Filter>
    <Filter Include="SkeletonLevel">
      <UniqueIdentifier>{1243c439-4f81-4298-b63b-7efbc17319d4}</UniqueIdentifier>
    </Filter>
    <Filter Include="EventLevel">
      <UniqueIdentifier>{30670968-5738-49b9-9cac-8acd6535d233}</UniqueIdentifier>
    </Filter>
    <Filter Include="InputLevel">
      <UniqueIdentifier>{b2aa16a6-0583-4fa7-8226-452f3aaeeb72}</UniqueIdentifier>
    </Filter>
    <Filter Include="NetworkLevel">
      <UniqueIdentifier>{01722b15-5c19-4b53-b6c1-510c91c98283}</UniqueIdentifier>
    </Filter>
    <Filter Include="LevelLoadingLevel">
      <UniqueIdentifier>{80b5e4d7-453e-43a7-8629-1b94a7cbae69}</UniqueIdentifier>
    </Filter>
    <Filter Include="WindowLevel">
      <UniqueIdentifier>{43cce180-0759-4808-b3a1-790093f1b40c}</UniqueIdentifier>
    </Filter>
  </ItemGroup>
  <ItemGroup>
    <ClInclude Include="GUILevel\GUILevel.h">
      <Filter>GUILevel</Filter>
    </ClInclude>
    <ClInclude Include="GUILevel\GUIComponent.h">
      <Filter>GUILevel</Filter>
    </ClInclude>
    <ClInclude Include="DebugLevel\DebugComponent.h">
      <Filter>DebugLevel</Filter>
    </ClInclude>
    <ClInclude Include="DebugLevel\DebugLevel.h">
      <Filter>DebugLevel</Filter>
    </ClInclude>
    <ClInclude Include="Halves\Bullet.h">
      <Filter>Halves</Filter>
    </ClInclude>
    <ClInclude Include="Halves\CameraController.h">
      <Filter>Halves</Filter>
    </ClInclude>
    <ClInclude Include="Halves\GameManager.h">
      <Filter>Halves</Filter>
    </ClInclude>
    <ClInclude Include="Halves\PlayerController.h">
      <Filter>Halves</Filter>
    </ClInclude>
    <ClInclude Include="Halves\Zombie.h">
      <Filter>Halves</Filter>
    </ClInclude>
    <ClInclude Include="Example\ExampleComponent.h">
      <Filter>Example</Filter>
    </ClInclude>
    <ClInclude Include="InputLevel\InputLevel.h">
      <Filter>InputLevel</Filter>
    </ClInclude>
    <ClInclude Include="InputLevel\InputTestComponent.h">
      <Filter>InputLevel</Filter>
    </ClInclude>
    <ClInclude Include="Week10MiniGame\Week10Level.h">
      <Filter>Week10MiniGame</Filter>
    </ClInclude>
    <ClInclude Include="Week10MiniGame\W10Player.h">
      <Filter>Week10MiniGame</Filter>
    </ClInclude>
    <ClInclude Include="Week10MiniGame\W10NetworkManager.h">
      <Filter>Week10MiniGame</Filter>
    </ClInclude>
    <ClInclude Include="Week10MiniGame\W10GameManager.h">
      <Filter>Week10MiniGame</Filter>
    </ClInclude>
    <ClInclude Include="Week10MiniGame\W10UIManager.h">
      <Filter>Week10MiniGame</Filter>
    </ClInclude>
    <ClInclude Include="Week10MiniGame\W10NetworkPlayer.h">
      <Filter>Week10MiniGame</Filter>
    </ClInclude>
    <ClInclude Include="KnightGame\Constants.h">
      <Filter>KnightGame</Filter>
    </ClInclude>
    <ClInclude Include="KnightGame\Level\KnightMainLevel.h">
      <Filter>KnightGame\Level</Filter>
    </ClInclude>
    <ClInclude Include="KnightGame\Gameplay\KnightController.h">
      <Filter>KnightGame\Gameplay</Filter>
    </ClInclude>
    <ClInclude Include="KnightGame\Gameplay\SwordController.h">
      <Filter>KnightGame\Gameplay</Filter>
    </ClInclude>
    <ClInclude Include="KnightGame\Gameplay\SpinAttack.h">
      <Filter>KnightGame\Gameplay</Filter>
    </ClInclude>
    <ClInclude Include="KnightGame\Gameplay\FollowComponent.h">
      <Filter>KnightGame\Gameplay</Filter>
    </ClInclude>
    <ClInclude Include="KnightGame\Gameplay\FireballCircle.h">
      <Filter>KnightGame\Gameplay</Filter>
    </ClInclude>
    <ClInclude Include="KnightGame\Gameplay\Enemy.h">
      <Filter>KnightGame\Gameplay</Filter>
    </ClInclude>
    <ClInclude Include="KnightGame\Gameplay\ScreenShifter.h">
      <Filter>KnightGame\Gameplay</Filter>
    </ClInclude>
    <ClInclude Include="KnightGame\Gameplay\ScoreManager.h">
      <Filter>KnightGame\Gameplay</Filter>
    </ClInclude>
    <ClInclude Include="Example\ExampleLevel.h">
      <Filter>Example</Filter>
    </ClInclude>
    <ClInclude Include="Custom\DebugCollision.h">
      <Filter>Custom</Filter>
    </ClInclude>
    <ClInclude Include="Custom\EscapeExit.h">
      <Filter>Custom</Filter>
    </ClInclude>
    <ClInclude Include="Custom\KeyTransform.h">
      <Filter>Custom</Filter>
    </ClInclude>
    <ClInclude Include="Custom\OscillateMove.h">
      <Filter>Custom</Filter>
    </ClInclude>
    <ClInclude Include="Custom\RaycastClick.h">
      <Filter>Custom</Filter>
    </ClInclude>
    <ClInclude Include="EmptyLevel\EmptyLevel.h">
      <Filter>EmptyLevel</Filter>
    </ClInclude>
    <ClInclude Include="EventLevel\EventListenerComponent.h">
      <Filter>EventLevel</Filter>
    </ClInclude>
    <ClInclude Include="EventLevel\EventSenderComponent.h">
      <Filter>EventLevel</Filter>
    </ClInclude>
    <ClInclude Include="EventLevel\EventLevel.h">
      <Filter>EventLevel</Filter>
    </ClInclude>
    <ClInclude Include="BVHLevel\BVHLevel.h">
      <Filter>BVHLevel</Filter>
    </ClInclude>
    <ClInclude Include="BVHLevel\RandomMover.h">
      <Filter>BVHLevel</Filter>
    </ClInclude>
    <ClInclude Include="EditorLevel\EditorLevel.h">
      <Filter>EditorLevel</Filter>
    </ClInclude>
    <ClInclude Include="AILevel\AITestAgent.h">
      <Filter>AILevel</Filter>
    </ClInclude>
    <ClInclude Include="AILevel\AITestComponent.h">
      <Filter>AILevel</Filter>
    </ClInclude>
    <ClInclude Include="AILevel\AILevel.h">
      <Filter>AILevel</Filter>
    </ClInclude>
    <ClInclude Include="CollisionSolverLevel\CollisionSolverLevel.h">
      <Filter>CollisionSolverLevel</Filter>
    </ClInclude>
    <ClInclude Include="CollisionsLevel\CollisionsLevel.h">
      <Filter>CollisionsLevel</Filter>
    </ClInclude>
    <ClInclude Include="MeshAnimLevel\MeshAnimLevel.h">
      <Filter>MeshAnimLevel</Filter>
    </ClInclude>
    <ClInclude Include="AudioLevel\AudioLevel.h">
      <Filter>AudioLevel</Filter>
    </ClInclude>
    <ClInclude Include="AudioLevel\AudioPlay.h">
      <Filter>AudioLevel</Filter>
    </ClInclude>
    <ClInclude Include="PrimitiveLevel\PrimitiveLevel.h">
      <Filter>PrimitiveLevel</Filter>
    </ClInclude>
    <ClInclude Include="SkeletonLevel\SkeletonLevel.h">
      <Filter>SkeletonLevel</Filter>
    </ClInclude>
    <ClInclude Include="GUILevel\FontExample.h">
      <Filter>GUILevel</Filter>
    </ClInclude>
    <ClInclude Include="Halves\HalvesLevel.h">
      <Filter>Halves</Filter>
    </ClInclude>
    <ClInclude Include="LevelLoadingLevel\LevelLoadingLevel.h">
      <Filter>LevelLoadingLevel</Filter>
    </ClInclude>
    <ClInclude Include="LevelLoadingLevel\LoadNextLevel.h">
      <Filter>LevelLoadingLevel</Filter>
    </ClInclude>
    <ClInclude Include="NetworkLevel\NetworkLevel.h">
      <Filter>NetworkLevel</Filter>
    </ClInclude>
    <ClInclude Include="NetworkLevel\NetworkTestComp.h">
      <Filter>NetworkLevel</Filter>
    </ClInclude>
    <ClInclude Include="NetworkLevel\EmptyLevelForNetworkLoadLevel.h">
      <Filter>NetworkLevel</Filter>
    </ClInclude>
    <ClInclude Include="pch.h" />
    <ClInclude Include="WindowLevel\WindowLevel.h">
      <Filter>WindowLevel</Filter>
    </ClInclude>
  </ItemGroup>
</Project>