
Microsoft Visual Studio Solution File, Format Version 12.00
# Visual Studio 15
VisualStudioVersion = 15.0.28010.2003
MinimumVisualStudioVersion = 10.0.40219.1
Project("{8BC9CEB8-8B4A-11D0-8D11-00A0C91BC942}") = "Isetta", "Isetta\Isetta.vcxproj", "{31A996D0-D906-4351-968C-8CF1B76FDDAF}"
	ProjectSection(ProjectDependencies) = postProject
		{A8E32855-F506-4E07-AA39-9FFF743CFFE6} = {A8E32855-F506-4E07-AA39-9FFF743CFFE6}
	EndProjectSection
EndProject
Project("{2150E333-8FDC-42A3-9474-1A3956D46DE8}") = "External", "External", "{4C9AB961-F6EA-4D68-B84C-A16A49F13B4B}"
EndProject
Project("{2150E333-8FDC-42A3-9474-1A3956D46DE8}") = "brofiler", "brofiler", "{C521D3A9-6605-427E-8B44-9D284F597DAD}"
EndProject
Project("{8BC9CEB8-8B4A-11D0-8D11-00A0C91BC942}") = "ProfilerCore", "External\brofiler\ProfilerCore\ProfilerCore.vcxproj", "{A8E32855-F506-4E07-AA39-9FFF743CFFE6}"
EndProject
Project("{2150E333-8FDC-42A3-9474-1A3956D46DE8}") = "Horde", "Horde", "{7E2C90A9-0A6D-4D9B-A1C2-87463810C65C}"
EndProject
Project("{8BC9CEB8-8B4A-11D0-8D11-00A0C91BC942}") = "Horde3D", "External\Horde3D\Build\Horde3D\Source\Horde3DEngine\Horde3D.vcxproj", "{E96691B0-0281-34C2-A702-32EEDB9C5C4B}"
EndProject
Project("{8BC9CEB8-8B4A-11D0-8D11-00A0C91BC942}") = "Horde3DUtils", "External\Horde3D\Build\Horde3D\Source\Horde3DUtils\Horde3DUtils.vcxproj", "{2A11499B-DD57-3903-95DA-3E5344186A5F}"
EndProject
Project("{2150E333-8FDC-42A3-9474-1A3956D46DE8}") = "GLFW", "GLFW", "{26D7217F-D492-4959-8FF2-405931648B9B}"
EndProject
Project("{8BC9CEB8-8B4A-11D0-8D11-00A0C91BC942}") = "glfw", "External\GLFW\Build\src\glfw.vcxproj", "{C41EC4C6-1853-36DB-84BE-EDD0C38AFED1}"
EndProject
Project("{8BC9CEB8-8B4A-11D0-8D11-00A0C91BC942}") = "IsettaTest", "IsettaTest\IsettaTest.vcxproj", "{CE874F05-14F7-4691-A23C-56B5174A6180}"
EndProject
Global
	GlobalSection(SolutionConfigurationPlatforms) = preSolution
		Debug Dynamic|Any CPU = Debug Dynamic|Any CPU
		Debug Dynamic|x64 = Debug Dynamic|x64
		Debug Dynamic|x86 = Debug Dynamic|x86
		Debug Static|Any CPU = Debug Static|Any CPU
		Debug Static|x64 = Debug Static|x64
		Debug Static|x86 = Debug Static|x86
		Debug|Any CPU = Debug|Any CPU
		Debug|x64 = Debug|x64
		Debug|x86 = Debug|x86
		MinSizeRel|Any CPU = MinSizeRel|Any CPU
		MinSizeRel|x64 = MinSizeRel|x64
		MinSizeRel|x86 = MinSizeRel|x86
		Release Dynamic|Any CPU = Release Dynamic|Any CPU
		Release Dynamic|x64 = Release Dynamic|x64
		Release Dynamic|x86 = Release Dynamic|x86
		Release Static|Any CPU = Release Static|Any CPU
		Release Static|x64 = Release Static|x64
		Release Static|x86 = Release Static|x86
		Release|Any CPU = Release|Any CPU
		Release|x64 = Release|x64
		Release|x86 = Release|x86
		RelWithDebInfo|Any CPU = RelWithDebInfo|Any CPU
		RelWithDebInfo|x64 = RelWithDebInfo|x64
		RelWithDebInfo|x86 = RelWithDebInfo|x86
	EndGlobalSection
	GlobalSection(ProjectConfigurationPlatforms) = postSolution
		{31A996D0-D906-4351-968C-8CF1B76FDDAF}.Debug Dynamic|Any CPU.ActiveCfg = Release|x64
		{31A996D0-D906-4351-968C-8CF1B76FDDAF}.Debug Dynamic|Any CPU.Build.0 = Release|x64
		{31A996D0-D906-4351-968C-8CF1B76FDDAF}.Debug Dynamic|x64.ActiveCfg = Debug|x64
		{31A996D0-D906-4351-968C-8CF1B76FDDAF}.Debug Dynamic|x64.Build.0 = Debug|x64
		{31A996D0-D906-4351-968C-8CF1B76FDDAF}.Debug Dynamic|x86.ActiveCfg = Debug|Win32
		{31A996D0-D906-4351-968C-8CF1B76FDDAF}.Debug Dynamic|x86.Build.0 = Debug|Win32
		{31A996D0-D906-4351-968C-8CF1B76FDDAF}.Debug Static|Any CPU.ActiveCfg = Release|x64
		{31A996D0-D906-4351-968C-8CF1B76FDDAF}.Debug Static|Any CPU.Build.0 = Release|x64
		{31A996D0-D906-4351-968C-8CF1B76FDDAF}.Debug Static|x64.ActiveCfg = Debug|x64
		{31A996D0-D906-4351-968C-8CF1B76FDDAF}.Debug Static|x64.Build.0 = Debug|x64
		{31A996D0-D906-4351-968C-8CF1B76FDDAF}.Debug Static|x86.ActiveCfg = Debug|Win32
		{31A996D0-D906-4351-968C-8CF1B76FDDAF}.Debug Static|x86.Build.0 = Debug|Win32
		{31A996D0-D906-4351-968C-8CF1B76FDDAF}.Debug|Any CPU.ActiveCfg = Debug|Win32
		{31A996D0-D906-4351-968C-8CF1B76FDDAF}.Debug|x64.ActiveCfg = Debug|x64
		{31A996D0-D906-4351-968C-8CF1B76FDDAF}.Debug|x64.Build.0 = Debug|x64
		{31A996D0-D906-4351-968C-8CF1B76FDDAF}.Debug|x86.ActiveCfg = Debug|Win32
		{31A996D0-D906-4351-968C-8CF1B76FDDAF}.Debug|x86.Build.0 = Debug|Win32
		{31A996D0-D906-4351-968C-8CF1B76FDDAF}.MinSizeRel|Any CPU.ActiveCfg = Release|Win32
		{31A996D0-D906-4351-968C-8CF1B76FDDAF}.MinSizeRel|Any CPU.Build.0 = Release|Win32
		{31A996D0-D906-4351-968C-8CF1B76FDDAF}.MinSizeRel|x64.ActiveCfg = Debug|x64
		{31A996D0-D906-4351-968C-8CF1B76FDDAF}.MinSizeRel|x64.Build.0 = Debug|x64
		{31A996D0-D906-4351-968C-8CF1B76FDDAF}.MinSizeRel|x86.ActiveCfg = Release|Win32
		{31A996D0-D906-4351-968C-8CF1B76FDDAF}.MinSizeRel|x86.Build.0 = Release|Win32
		{31A996D0-D906-4351-968C-8CF1B76FDDAF}.Release Dynamic|Any CPU.ActiveCfg = Release|x64
		{31A996D0-D906-4351-968C-8CF1B76FDDAF}.Release Dynamic|Any CPU.Build.0 = Release|x64
		{31A996D0-D906-4351-968C-8CF1B76FDDAF}.Release Dynamic|x64.ActiveCfg = Release|x64
		{31A996D0-D906-4351-968C-8CF1B76FDDAF}.Release Dynamic|x64.Build.0 = Release|x64
		{31A996D0-D906-4351-968C-8CF1B76FDDAF}.Release Dynamic|x86.ActiveCfg = Release|Win32
		{31A996D0-D906-4351-968C-8CF1B76FDDAF}.Release Dynamic|x86.Build.0 = Release|Win32
		{31A996D0-D906-4351-968C-8CF1B76FDDAF}.Release Static|Any CPU.ActiveCfg = Release|x64
		{31A996D0-D906-4351-968C-8CF1B76FDDAF}.Release Static|Any CPU.Build.0 = Release|x64
		{31A996D0-D906-4351-968C-8CF1B76FDDAF}.Release Static|x64.ActiveCfg = Release|x64
		{31A996D0-D906-4351-968C-8CF1B76FDDAF}.Release Static|x64.Build.0 = Release|x64
		{31A996D0-D906-4351-968C-8CF1B76FDDAF}.Release Static|x86.ActiveCfg = Release|Win32
		{31A996D0-D906-4351-968C-8CF1B76FDDAF}.Release Static|x86.Build.0 = Release|Win32
		{31A996D0-D906-4351-968C-8CF1B76FDDAF}.Release|Any CPU.ActiveCfg = Release|Win32
		{31A996D0-D906-4351-968C-8CF1B76FDDAF}.Release|x64.ActiveCfg = Release|x64
		{31A996D0-D906-4351-968C-8CF1B76FDDAF}.Release|x64.Build.0 = Release|x64
		{31A996D0-D906-4351-968C-8CF1B76FDDAF}.Release|x86.ActiveCfg = Release|Win32
		{31A996D0-D906-4351-968C-8CF1B76FDDAF}.Release|x86.Build.0 = Release|Win32
		{31A996D0-D906-4351-968C-8CF1B76FDDAF}.RelWithDebInfo|Any CPU.ActiveCfg = Release|Win32
		{31A996D0-D906-4351-968C-8CF1B76FDDAF}.RelWithDebInfo|Any CPU.Build.0 = Release|Win32
		{31A996D0-D906-4351-968C-8CF1B76FDDAF}.RelWithDebInfo|x64.ActiveCfg = Release|x64
		{31A996D0-D906-4351-968C-8CF1B76FDDAF}.RelWithDebInfo|x64.Build.0 = Release|x64
		{31A996D0-D906-4351-968C-8CF1B76FDDAF}.RelWithDebInfo|x86.ActiveCfg = Release|Win32
		{31A996D0-D906-4351-968C-8CF1B76FDDAF}.RelWithDebInfo|x86.Build.0 = Release|Win32
		{A8E32855-F506-4E07-AA39-9FFF743CFFE6}.Debug Dynamic|Any CPU.ActiveCfg = Debug Dynamic|Win32
		{A8E32855-F506-4E07-AA39-9FFF743CFFE6}.Debug Dynamic|x64.ActiveCfg = Debug Dynamic|x64
		{A8E32855-F506-4E07-AA39-9FFF743CFFE6}.Debug Dynamic|x64.Build.0 = Debug Dynamic|x64
		{A8E32855-F506-4E07-AA39-9FFF743CFFE6}.Debug Dynamic|x86.ActiveCfg = Debug Dynamic|Win32
		{A8E32855-F506-4E07-AA39-9FFF743CFFE6}.Debug Dynamic|x86.Build.0 = Debug Dynamic|Win32
		{A8E32855-F506-4E07-AA39-9FFF743CFFE6}.Debug Static|Any CPU.ActiveCfg = Debug Static|Win32
		{A8E32855-F506-4E07-AA39-9FFF743CFFE6}.Debug Static|x64.ActiveCfg = Debug Static|x64
		{A8E32855-F506-4E07-AA39-9FFF743CFFE6}.Debug Static|x64.Build.0 = Debug Static|x64
		{A8E32855-F506-4E07-AA39-9FFF743CFFE6}.Debug Static|x86.ActiveCfg = Debug Static|Win32
		{A8E32855-F506-4E07-AA39-9FFF743CFFE6}.Debug Static|x86.Build.0 = Debug Static|Win32
		{A8E32855-F506-4E07-AA39-9FFF743CFFE6}.Debug|Any CPU.ActiveCfg = Release Static|x64
		{A8E32855-F506-4E07-AA39-9FFF743CFFE6}.Debug|Any CPU.Build.0 = Release Static|x64
		{A8E32855-F506-4E07-AA39-9FFF743CFFE6}.Debug|x64.ActiveCfg = Debug Static|x64
		{A8E32855-F506-4E07-AA39-9FFF743CFFE6}.Debug|x64.Build.0 = Debug Static|x64
		{A8E32855-F506-4E07-AA39-9FFF743CFFE6}.Debug|x86.ActiveCfg = Debug Static|Win32
		{A8E32855-F506-4E07-AA39-9FFF743CFFE6}.Debug|x86.Build.0 = Debug Static|Win32
		{A8E32855-F506-4E07-AA39-9FFF743CFFE6}.MinSizeRel|Any CPU.ActiveCfg = Release Static|Win32
		{A8E32855-F506-4E07-AA39-9FFF743CFFE6}.MinSizeRel|Any CPU.Build.0 = Release Static|Win32
		{A8E32855-F506-4E07-AA39-9FFF743CFFE6}.MinSizeRel|x64.ActiveCfg = Release Dynamic|x64
		{A8E32855-F506-4E07-AA39-9FFF743CFFE6}.MinSizeRel|x64.Build.0 = Release Dynamic|x64
		{A8E32855-F506-4E07-AA39-9FFF743CFFE6}.MinSizeRel|x86.ActiveCfg = Release Static|Win32
		{A8E32855-F506-4E07-AA39-9FFF743CFFE6}.MinSizeRel|x86.Build.0 = Release Static|Win32
		{A8E32855-F506-4E07-AA39-9FFF743CFFE6}.Release Dynamic|Any CPU.ActiveCfg = Release Dynamic|Win32
		{A8E32855-F506-4E07-AA39-9FFF743CFFE6}.Release Dynamic|x64.ActiveCfg = Release Dynamic|x64
		{A8E32855-F506-4E07-AA39-9FFF743CFFE6}.Release Dynamic|x64.Build.0 = Release Dynamic|x64
		{A8E32855-F506-4E07-AA39-9FFF743CFFE6}.Release Dynamic|x86.ActiveCfg = Release Dynamic|Win32
		{A8E32855-F506-4E07-AA39-9FFF743CFFE6}.Release Dynamic|x86.Build.0 = Release Dynamic|Win32
		{A8E32855-F506-4E07-AA39-9FFF743CFFE6}.Release Static|Any CPU.ActiveCfg = Release Static|Win32
		{A8E32855-F506-4E07-AA39-9FFF743CFFE6}.Release Static|x64.ActiveCfg = Release Static|x64
		{A8E32855-F506-4E07-AA39-9FFF743CFFE6}.Release Static|x64.Build.0 = Release Static|x64
		{A8E32855-F506-4E07-AA39-9FFF743CFFE6}.Release Static|x86.ActiveCfg = Release Static|Win32
		{A8E32855-F506-4E07-AA39-9FFF743CFFE6}.Release Static|x86.Build.0 = Release Static|Win32
		{A8E32855-F506-4E07-AA39-9FFF743CFFE6}.Release|Any CPU.ActiveCfg = Release Static|x64
		{A8E32855-F506-4E07-AA39-9FFF743CFFE6}.Release|Any CPU.Build.0 = Release Static|x64
		{A8E32855-F506-4E07-AA39-9FFF743CFFE6}.Release|x64.ActiveCfg = Release Static|x64
		{A8E32855-F506-4E07-AA39-9FFF743CFFE6}.Release|x64.Build.0 = Release Static|x64
		{A8E32855-F506-4E07-AA39-9FFF743CFFE6}.Release|x86.ActiveCfg = Release Static|Win32
		{A8E32855-F506-4E07-AA39-9FFF743CFFE6}.Release|x86.Build.0 = Release Static|Win32
		{A8E32855-F506-4E07-AA39-9FFF743CFFE6}.RelWithDebInfo|Any CPU.ActiveCfg = Release Static|Win32
		{A8E32855-F506-4E07-AA39-9FFF743CFFE6}.RelWithDebInfo|Any CPU.Build.0 = Release Static|Win32
		{A8E32855-F506-4E07-AA39-9FFF743CFFE6}.RelWithDebInfo|x64.ActiveCfg = Release Dynamic|x64
		{A8E32855-F506-4E07-AA39-9FFF743CFFE6}.RelWithDebInfo|x64.Build.0 = Release Dynamic|x64
		{A8E32855-F506-4E07-AA39-9FFF743CFFE6}.RelWithDebInfo|x86.ActiveCfg = Release Static|Win32
		{A8E32855-F506-4E07-AA39-9FFF743CFFE6}.RelWithDebInfo|x86.Build.0 = Release Static|Win32
		{E96691B0-0281-34C2-A702-32EEDB9C5C4B}.Debug Dynamic|Any CPU.ActiveCfg = MinSizeRel|x64
		{E96691B0-0281-34C2-A702-32EEDB9C5C4B}.Debug Dynamic|Any CPU.Build.0 = MinSizeRel|x64
		{E96691B0-0281-34C2-A702-32EEDB9C5C4B}.Debug Dynamic|x64.ActiveCfg = Debug|x64
		{E96691B0-0281-34C2-A702-32EEDB9C5C4B}.Debug Dynamic|x64.Build.0 = Debug|x64
		{E96691B0-0281-34C2-A702-32EEDB9C5C4B}.Debug Dynamic|x86.ActiveCfg = MinSizeRel|x64
		{E96691B0-0281-34C2-A702-32EEDB9C5C4B}.Debug Dynamic|x86.Build.0 = MinSizeRel|x64
		{E96691B0-0281-34C2-A702-32EEDB9C5C4B}.Debug Static|Any CPU.ActiveCfg = MinSizeRel|x64
		{E96691B0-0281-34C2-A702-32EEDB9C5C4B}.Debug Static|Any CPU.Build.0 = MinSizeRel|x64
		{E96691B0-0281-34C2-A702-32EEDB9C5C4B}.Debug Static|x64.ActiveCfg = Debug|x64
		{E96691B0-0281-34C2-A702-32EEDB9C5C4B}.Debug Static|x64.Build.0 = Debug|x64
		{E96691B0-0281-34C2-A702-32EEDB9C5C4B}.Debug Static|x86.ActiveCfg = MinSizeRel|x64
		{E96691B0-0281-34C2-A702-32EEDB9C5C4B}.Debug Static|x86.Build.0 = MinSizeRel|x64
		{E96691B0-0281-34C2-A702-32EEDB9C5C4B}.Debug|Any CPU.ActiveCfg = Debug|x64
		{E96691B0-0281-34C2-A702-32EEDB9C5C4B}.Debug|x64.ActiveCfg = Debug|x64
		{E96691B0-0281-34C2-A702-32EEDB9C5C4B}.Debug|x64.Build.0 = Debug|x64
		{E96691B0-0281-34C2-A702-32EEDB9C5C4B}.Debug|x86.ActiveCfg = Debug|x64
		{E96691B0-0281-34C2-A702-32EEDB9C5C4B}.MinSizeRel|Any CPU.ActiveCfg = MinSizeRel|x64
		{E96691B0-0281-34C2-A702-32EEDB9C5C4B}.MinSizeRel|x64.ActiveCfg = MinSizeRel|x64
		{E96691B0-0281-34C2-A702-32EEDB9C5C4B}.MinSizeRel|x64.Build.0 = MinSizeRel|x64
		{E96691B0-0281-34C2-A702-32EEDB9C5C4B}.MinSizeRel|x86.ActiveCfg = MinSizeRel|x64
		{E96691B0-0281-34C2-A702-32EEDB9C5C4B}.Release Dynamic|Any CPU.ActiveCfg = MinSizeRel|x64
		{E96691B0-0281-34C2-A702-32EEDB9C5C4B}.Release Dynamic|Any CPU.Build.0 = MinSizeRel|x64
		{E96691B0-0281-34C2-A702-32EEDB9C5C4B}.Release Dynamic|x64.ActiveCfg = Release|x64
		{E96691B0-0281-34C2-A702-32EEDB9C5C4B}.Release Dynamic|x64.Build.0 = Release|x64
		{E96691B0-0281-34C2-A702-32EEDB9C5C4B}.Release Dynamic|x86.ActiveCfg = MinSizeRel|x64
		{E96691B0-0281-34C2-A702-32EEDB9C5C4B}.Release Dynamic|x86.Build.0 = MinSizeRel|x64
		{E96691B0-0281-34C2-A702-32EEDB9C5C4B}.Release Static|Any CPU.ActiveCfg = MinSizeRel|x64
		{E96691B0-0281-34C2-A702-32EEDB9C5C4B}.Release Static|Any CPU.Build.0 = MinSizeRel|x64
		{E96691B0-0281-34C2-A702-32EEDB9C5C4B}.Release Static|x64.ActiveCfg = Release|x64
		{E96691B0-0281-34C2-A702-32EEDB9C5C4B}.Release Static|x64.Build.0 = Release|x64
		{E96691B0-0281-34C2-A702-32EEDB9C5C4B}.Release Static|x86.ActiveCfg = MinSizeRel|x64
		{E96691B0-0281-34C2-A702-32EEDB9C5C4B}.Release Static|x86.Build.0 = MinSizeRel|x64
		{E96691B0-0281-34C2-A702-32EEDB9C5C4B}.Release|Any CPU.ActiveCfg = Release|x64
		{E96691B0-0281-34C2-A702-32EEDB9C5C4B}.Release|x64.ActiveCfg = Release|x64
		{E96691B0-0281-34C2-A702-32EEDB9C5C4B}.Release|x64.Build.0 = Release|x64
		{E96691B0-0281-34C2-A702-32EEDB9C5C4B}.Release|x86.ActiveCfg = Release|x64
		{E96691B0-0281-34C2-A702-32EEDB9C5C4B}.RelWithDebInfo|Any CPU.ActiveCfg = RelWithDebInfo|x64
		{E96691B0-0281-34C2-A702-32EEDB9C5C4B}.RelWithDebInfo|x64.ActiveCfg = RelWithDebInfo|x64
		{E96691B0-0281-34C2-A702-32EEDB9C5C4B}.RelWithDebInfo|x64.Build.0 = RelWithDebInfo|x64
		{E96691B0-0281-34C2-A702-32EEDB9C5C4B}.RelWithDebInfo|x86.ActiveCfg = RelWithDebInfo|x64
		{2A11499B-DD57-3903-95DA-3E5344186A5F}.Debug Dynamic|Any CPU.ActiveCfg = MinSizeRel|x64
		{2A11499B-DD57-3903-95DA-3E5344186A5F}.Debug Dynamic|Any CPU.Build.0 = MinSizeRel|x64
		{2A11499B-DD57-3903-95DA-3E5344186A5F}.Debug Dynamic|x64.ActiveCfg = Debug|x64
		{2A11499B-DD57-3903-95DA-3E5344186A5F}.Debug Dynamic|x64.Build.0 = Debug|x64
		{2A11499B-DD57-3903-95DA-3E5344186A5F}.Debug Dynamic|x86.ActiveCfg = MinSizeRel|x64
		{2A11499B-DD57-3903-95DA-3E5344186A5F}.Debug Dynamic|x86.Build.0 = MinSizeRel|x64
		{2A11499B-DD57-3903-95DA-3E5344186A5F}.Debug Static|Any CPU.ActiveCfg = MinSizeRel|x64
		{2A11499B-DD57-3903-95DA-3E5344186A5F}.Debug Static|Any CPU.Build.0 = MinSizeRel|x64
		{2A11499B-DD57-3903-95DA-3E5344186A5F}.Debug Static|x64.ActiveCfg = Debug|x64
		{2A11499B-DD57-3903-95DA-3E5344186A5F}.Debug Static|x64.Build.0 = Debug|x64
		{2A11499B-DD57-3903-95DA-3E5344186A5F}.Debug Static|x86.ActiveCfg = MinSizeRel|x64
		{2A11499B-DD57-3903-95DA-3E5344186A5F}.Debug Static|x86.Build.0 = MinSizeRel|x64
		{2A11499B-DD57-3903-95DA-3E5344186A5F}.Debug|Any CPU.ActiveCfg = Debug|x64
		{2A11499B-DD57-3903-95DA-3E5344186A5F}.Debug|x64.ActiveCfg = Debug|x64
		{2A11499B-DD57-3903-95DA-3E5344186A5F}.Debug|x64.Build.0 = Debug|x64
		{2A11499B-DD57-3903-95DA-3E5344186A5F}.Debug|x86.ActiveCfg = Debug|x64
		{2A11499B-DD57-3903-95DA-3E5344186A5F}.MinSizeRel|Any CPU.ActiveCfg = MinSizeRel|x64
		{2A11499B-DD57-3903-95DA-3E5344186A5F}.MinSizeRel|x64.ActiveCfg = MinSizeRel|x64
		{2A11499B-DD57-3903-95DA-3E5344186A5F}.MinSizeRel|x64.Build.0 = MinSizeRel|x64
		{2A11499B-DD57-3903-95DA-3E5344186A5F}.MinSizeRel|x86.ActiveCfg = MinSizeRel|x64
		{2A11499B-DD57-3903-95DA-3E5344186A5F}.Release Dynamic|Any CPU.ActiveCfg = MinSizeRel|x64
		{2A11499B-DD57-3903-95DA-3E5344186A5F}.Release Dynamic|Any CPU.Build.0 = MinSizeRel|x64
		{2A11499B-DD57-3903-95DA-3E5344186A5F}.Release Dynamic|x64.ActiveCfg = Release|x64
		{2A11499B-DD57-3903-95DA-3E5344186A5F}.Release Dynamic|x64.Build.0 = Release|x64
		{2A11499B-DD57-3903-95DA-3E5344186A5F}.Release Dynamic|x86.ActiveCfg = MinSizeRel|x64
		{2A11499B-DD57-3903-95DA-3E5344186A5F}.Release Dynamic|x86.Build.0 = MinSizeRel|x64
		{2A11499B-DD57-3903-95DA-3E5344186A5F}.Release Static|Any CPU.ActiveCfg = MinSizeRel|x64
		{2A11499B-DD57-3903-95DA-3E5344186A5F}.Release Static|Any CPU.Build.0 = MinSizeRel|x64
		{2A11499B-DD57-3903-95DA-3E5344186A5F}.Release Static|x64.ActiveCfg = Release|x64
		{2A11499B-DD57-3903-95DA-3E5344186A5F}.Release Static|x64.Build.0 = Release|x64
		{2A11499B-DD57-3903-95DA-3E5344186A5F}.Release Static|x86.ActiveCfg = MinSizeRel|x64
		{2A11499B-DD57-3903-95DA-3E5344186A5F}.Release Static|x86.Build.0 = MinSizeRel|x64
		{2A11499B-DD57-3903-95DA-3E5344186A5F}.Release|Any CPU.ActiveCfg = Release|x64
		{2A11499B-DD57-3903-95DA-3E5344186A5F}.Release|x64.ActiveCfg = Release|x64
		{2A11499B-DD57-3903-95DA-3E5344186A5F}.Release|x64.Build.0 = Release|x64
		{2A11499B-DD57-3903-95DA-3E5344186A5F}.Release|x86.ActiveCfg = Release|x64
		{2A11499B-DD57-3903-95DA-3E5344186A5F}.RelWithDebInfo|Any CPU.ActiveCfg = RelWithDebInfo|x64
		{2A11499B-DD57-3903-95DA-3E5344186A5F}.RelWithDebInfo|x64.ActiveCfg = RelWithDebInfo|x64
		{2A11499B-DD57-3903-95DA-3E5344186A5F}.RelWithDebInfo|x64.Build.0 = RelWithDebInfo|x64
		{2A11499B-DD57-3903-95DA-3E5344186A5F}.RelWithDebInfo|x86.ActiveCfg = RelWithDebInfo|x64
		{C41EC4C6-1853-36DB-84BE-EDD0C38AFED1}.Debug Dynamic|Any CPU.ActiveCfg = MinSizeRel|x64
		{C41EC4C6-1853-36DB-84BE-EDD0C38AFED1}.Debug Dynamic|Any CPU.Build.0 = MinSizeRel|x64
		{C41EC4C6-1853-36DB-84BE-EDD0C38AFED1}.Debug Dynamic|x64.ActiveCfg = Debug|x64
		{C41EC4C6-1853-36DB-84BE-EDD0C38AFED1}.Debug Dynamic|x64.Build.0 = Debug|x64
		{C41EC4C6-1853-36DB-84BE-EDD0C38AFED1}.Debug Dynamic|x86.ActiveCfg = MinSizeRel|x64
		{C41EC4C6-1853-36DB-84BE-EDD0C38AFED1}.Debug Dynamic|x86.Build.0 = MinSizeRel|x64
		{C41EC4C6-1853-36DB-84BE-EDD0C38AFED1}.Debug Static|Any CPU.ActiveCfg = MinSizeRel|x64
		{C41EC4C6-1853-36DB-84BE-EDD0C38AFED1}.Debug Static|Any CPU.Build.0 = MinSizeRel|x64
		{C41EC4C6-1853-36DB-84BE-EDD0C38AFED1}.Debug Static|x64.ActiveCfg = Debug|x64
		{C41EC4C6-1853-36DB-84BE-EDD0C38AFED1}.Debug Static|x64.Build.0 = Debug|x64
		{C41EC4C6-1853-36DB-84BE-EDD0C38AFED1}.Debug Static|x86.ActiveCfg = MinSizeRel|x64
		{C41EC4C6-1853-36DB-84BE-EDD0C38AFED1}.Debug Static|x86.Build.0 = MinSizeRel|x64
		{C41EC4C6-1853-36DB-84BE-EDD0C38AFED1}.Debug|Any CPU.ActiveCfg = Debug|x64
		{C41EC4C6-1853-36DB-84BE-EDD0C38AFED1}.Debug|x64.ActiveCfg = Debug|x64
		{C41EC4C6-1853-36DB-84BE-EDD0C38AFED1}.Debug|x64.Build.0 = Debug|x64
		{C41EC4C6-1853-36DB-84BE-EDD0C38AFED1}.Debug|x86.ActiveCfg = Debug|x64
		{C41EC4C6-1853-36DB-84BE-EDD0C38AFED1}.MinSizeRel|Any CPU.ActiveCfg = MinSizeRel|x64
		{C41EC4C6-1853-36DB-84BE-EDD0C38AFED1}.MinSizeRel|x64.ActiveCfg = MinSizeRel|x64
		{C41EC4C6-1853-36DB-84BE-EDD0C38AFED1}.MinSizeRel|x64.Build.0 = MinSizeRel|x64
		{C41EC4C6-1853-36DB-84BE-EDD0C38AFED1}.MinSizeRel|x86.ActiveCfg = MinSizeRel|x64
		{C41EC4C6-1853-36DB-84BE-EDD0C38AFED1}.Release Dynamic|Any CPU.ActiveCfg = MinSizeRel|x64
		{C41EC4C6-1853-36DB-84BE-EDD0C38AFED1}.Release Dynamic|Any CPU.Build.0 = MinSizeRel|x64
		{C41EC4C6-1853-36DB-84BE-EDD0C38AFED1}.Release Dynamic|x64.ActiveCfg = Release|x64
		{C41EC4C6-1853-36DB-84BE-EDD0C38AFED1}.Release Dynamic|x64.Build.0 = Release|x64
		{C41EC4C6-1853-36DB-84BE-EDD0C38AFED1}.Release Dynamic|x86.ActiveCfg = MinSizeRel|x64
		{C41EC4C6-1853-36DB-84BE-EDD0C38AFED1}.Release Dynamic|x86.Build.0 = MinSizeRel|x64
		{C41EC4C6-1853-36DB-84BE-EDD0C38AFED1}.Release Static|Any CPU.ActiveCfg = MinSizeRel|x64
		{C41EC4C6-1853-36DB-84BE-EDD0C38AFED1}.Release Static|Any CPU.Build.0 = MinSizeRel|x64
		{C41EC4C6-1853-36DB-84BE-EDD0C38AFED1}.Release Static|x64.ActiveCfg = Release|x64
		{C41EC4C6-1853-36DB-84BE-EDD0C38AFED1}.Release Static|x64.Build.0 = Release|x64
		{C41EC4C6-1853-36DB-84BE-EDD0C38AFED1}.Release Static|x86.ActiveCfg = MinSizeRel|x64
		{C41EC4C6-1853-36DB-84BE-EDD0C38AFED1}.Release Static|x86.Build.0 = MinSizeRel|x64
		{C41EC4C6-1853-36DB-84BE-EDD0C38AFED1}.Release|Any CPU.ActiveCfg = Release|x64
		{C41EC4C6-1853-36DB-84BE-EDD0C38AFED1}.Release|x64.ActiveCfg = Release|x64
		{C41EC4C6-1853-36DB-84BE-EDD0C38AFED1}.Release|x64.Build.0 = Release|x64
		{C41EC4C6-1853-36DB-84BE-EDD0C38AFED1}.Release|x86.ActiveCfg = Release|x64
		{C41EC4C6-1853-36DB-84BE-EDD0C38AFED1}.RelWithDebInfo|Any CPU.ActiveCfg = RelWithDebInfo|x64
		{C41EC4C6-1853-36DB-84BE-EDD0C38AFED1}.RelWithDebInfo|x64.ActiveCfg = RelWithDebInfo|x64
		{C41EC4C6-1853-36DB-84BE-EDD0C38AFED1}.RelWithDebInfo|x64.Build.0 = RelWithDebInfo|x64
		{C41EC4C6-1853-36DB-84BE-EDD0C38AFED1}.RelWithDebInfo|x86.ActiveCfg = RelWithDebInfo|x64
		{CE874F05-14F7-4691-A23C-56B5174A6180}.Debug Dynamic|Any CPU.ActiveCfg = Release|x64
		{CE874F05-14F7-4691-A23C-56B5174A6180}.Debug Dynamic|Any CPU.Build.0 = Release|x64
		{CE874F05-14F7-4691-A23C-56B5174A6180}.Debug Dynamic|x64.ActiveCfg = Debug|x64
		{CE874F05-14F7-4691-A23C-56B5174A6180}.Debug Dynamic|x64.Build.0 = Debug|x64
		{CE874F05-14F7-4691-A23C-56B5174A6180}.Debug Dynamic|x86.ActiveCfg = Debug|Win32
		{CE874F05-14F7-4691-A23C-56B5174A6180}.Debug Dynamic|x86.Build.0 = Debug|Win32
		{CE874F05-14F7-4691-A23C-56B5174A6180}.Debug Static|Any CPU.ActiveCfg = Release|x64
		{CE874F05-14F7-4691-A23C-56B5174A6180}.Debug Static|Any CPU.Build.0 = Release|x64
		{CE874F05-14F7-4691-A23C-56B5174A6180}.Debug Static|x64.ActiveCfg = Debug|x64
		{CE874F05-14F7-4691-A23C-56B5174A6180}.Debug Static|x64.Build.0 = Debug|x64
		{CE874F05-14F7-4691-A23C-56B5174A6180}.Debug Static|x86.ActiveCfg = Debug|Win32
		{CE874F05-14F7-4691-A23C-56B5174A6180}.Debug Static|x86.Build.0 = Debug|Win32
		{CE874F05-14F7-4691-A23C-56B5174A6180}.Debug|Any CPU.ActiveCfg = Debug|Win32
		{CE874F05-14F7-4691-A23C-56B5174A6180}.Debug|x64.ActiveCfg = Debug|x64
		{CE874F05-14F7-4691-A23C-56B5174A6180}.Debug|x64.Build.0 = Debug|x64
		{CE874F05-14F7-4691-A23C-56B5174A6180}.Debug|x86.ActiveCfg = Debug|Win32
		{CE874F05-14F7-4691-A23C-56B5174A6180}.Debug|x86.Build.0 = Debug|Win32
		{CE874F05-14F7-4691-A23C-56B5174A6180}.MinSizeRel|Any CPU.ActiveCfg = Release|x64
		{CE874F05-14F7-4691-A23C-56B5174A6180}.MinSizeRel|Any CPU.Build.0 = Release|x64
		{CE874F05-14F7-4691-A23C-56B5174A6180}.MinSizeRel|x64.ActiveCfg = Release|x64
		{CE874F05-14F7-4691-A23C-56B5174A6180}.MinSizeRel|x64.Build.0 = Release|x64
		{CE874F05-14F7-4691-A23C-56B5174A6180}.MinSizeRel|x86.ActiveCfg = Release|Win32
		{CE874F05-14F7-4691-A23C-56B5174A6180}.MinSizeRel|x86.Build.0 = Release|Win32
		{CE874F05-14F7-4691-A23C-56B5174A6180}.Release Dynamic|Any CPU.ActiveCfg = Release|x64
		{CE874F05-14F7-4691-A23C-56B5174A6180}.Release Dynamic|Any CPU.Build.0 = Release|x64
		{CE874F05-14F7-4691-A23C-56B5174A6180}.Release Dynamic|x64.ActiveCfg = Release|x64
		{CE874F05-14F7-4691-A23C-56B5174A6180}.Release Dynamic|x64.Build.0 = Release|x64
		{CE874F05-14F7-4691-A23C-56B5174A6180}.Release Dynamic|x86.ActiveCfg = Release|Win32
		{CE874F05-14F7-4691-A23C-56B5174A6180}.Release Dynamic|x86.Build.0 = Release|Win32
		{CE874F05-14F7-4691-A23C-56B5174A6180}.Release Static|Any CPU.ActiveCfg = Release|x64
		{CE874F05-14F7-4691-A23C-56B5174A6180}.Release Static|Any CPU.Build.0 = Release|x64
		{CE874F05-14F7-4691-A23C-56B5174A6180}.Release Static|x64.ActiveCfg = Release|x64
		{CE874F05-14F7-4691-A23C-56B5174A6180}.Release Static|x64.Build.0 = Release|x64
		{CE874F05-14F7-4691-A23C-56B5174A6180}.Release Static|x86.ActiveCfg = Release|Win32
		{CE874F05-14F7-4691-A23C-56B5174A6180}.Release Static|x86.Build.0 = Release|Win32
		{CE874F05-14F7-4691-A23C-56B5174A6180}.Release|Any CPU.ActiveCfg = Release|Win32
		{CE874F05-14F7-4691-A23C-56B5174A6180}.Release|x64.ActiveCfg = Release|x64
		{CE874F05-14F7-4691-A23C-56B5174A6180}.Release|x64.Build.0 = Release|x64
		{CE874F05-14F7-4691-A23C-56B5174A6180}.Release|x86.ActiveCfg = Release|Win32
		{CE874F05-14F7-4691-A23C-56B5174A6180}.Release|x86.Build.0 = Release|Win32
		{CE874F05-14F7-4691-A23C-56B5174A6180}.RelWithDebInfo|Any CPU.ActiveCfg = Release|x64
		{CE874F05-14F7-4691-A23C-56B5174A6180}.RelWithDebInfo|Any CPU.Build.0 = Release|x64
		{CE874F05-14F7-4691-A23C-56B5174A6180}.RelWithDebInfo|x64.ActiveCfg = Release|x64
		{CE874F05-14F7-4691-A23C-56B5174A6180}.RelWithDebInfo|x64.Build.0 = Release|x64
		{CE874F05-14F7-4691-A23C-56B5174A6180}.RelWithDebInfo|x86.ActiveCfg = Release|Win32
		{CE874F05-14F7-4691-A23C-56B5174A6180}.RelWithDebInfo|x86.Build.0 = Release|Win32
	EndGlobalSection
	GlobalSection(SolutionProperties) = preSolution
		HideSolutionNode = FALSE
	EndGlobalSection
	GlobalSection(NestedProjects) = preSolution
		{C521D3A9-6605-427E-8B44-9D284F597DAD} = {4C9AB961-F6EA-4D68-B84C-A16A49F13B4B}
		{A8E32855-F506-4E07-AA39-9FFF743CFFE6} = {C521D3A9-6605-427E-8B44-9D284F597DAD}
		{7E2C90A9-0A6D-4D9B-A1C2-87463810C65C} = {4C9AB961-F6EA-4D68-B84C-A16A49F13B4B}
		{E96691B0-0281-34C2-A702-32EEDB9C5C4B} = {7E2C90A9-0A6D-4D9B-A1C2-87463810C65C}
		{2A11499B-DD57-3903-95DA-3E5344186A5F} = {7E2C90A9-0A6D-4D9B-A1C2-87463810C65C}
		{26D7217F-D492-4959-8FF2-405931648B9B} = {4C9AB961-F6EA-4D68-B84C-A16A49F13B4B}
		{C41EC4C6-1853-36DB-84BE-EDD0C38AFED1} = {26D7217F-D492-4959-8FF2-405931648B9B}
	EndGlobalSection
	GlobalSection(ExtensibilityGlobals) = postSolution
		SolutionGuid = {A47234E9-EED9-475E-AE57-3B7BD0515EA9}
	EndGlobalSection
EndGlobal
