
Microsoft Visual Studio Solution File, Format Version 12.00
# Visual Studio 15
VisualStudioVersion = 15.0.27130.2027
MinimumVisualStudioVersion = 10.0.40219.1
Project("{8BC9CEB8-8B4A-11D0-8D11-00A0C91BC942}") = "Isetta", "Isetta\Isetta.vcxproj", "{31A996D0-D906-4351-968C-8CF1B76FDDAF}"
	ProjectSection(ProjectDependencies) = postProject
		{A8E32855-F506-4E07-AA39-9FFF743CFFE6} = {A8E32855-F506-4E07-AA39-9FFF743CFFE6}
	EndProjectSection
EndProject
Project("{2150E333-8FDC-42A3-9474-1A3956D46DE8}") = "External", "External", "{4C9AB961-F6EA-4D68-B84C-A16A49F13B4B}"
EndProject
Project("{2150E333-8FDC-42A3-9474-1A3956D46DE8}") = "brofiler", "brofiler", "{C521D3A9-6605-427E-8B44-9D284F597DAD}"
EndProject
Project("{8BC9CEB8-8B4A-11D0-8D11-00A0C91BC942}") = "ProfilerCore", "External\brofiler\ProfilerCore\ProfilerCore.vcxproj", "{A8E32855-F506-4E07-AA39-9FFF743CFFE6}"
EndProject
Project("{8BC9CEB8-8B4A-11D0-8D11-00A0C91BC942}") = "IsettaTest", "IsettaTest\IsettaTest.vcxproj", "{CE874F05-14F7-4691-A23C-56B5174A6180}"
EndProject
Project("{2150E333-8FDC-42A3-9474-1A3956D46DE8}") = "GLFW", "GLFW", "{0E4F0001-B6A6-4255-A5CE-8A7738707A19}"
EndProject
Project("{8BC9CEB8-8B4A-11D0-8D11-00A0C91BC942}") = "ALL_BUILD", "External\GLFW\Build\ALL_BUILD.vcxproj", "{8B7ACF54-6365-3EE9-911F-305DDC74F0F0}"
EndProject
Project("{2150E333-8FDC-42A3-9474-1A3956D46DE8}") = "Horde3D", "Horde3D", "{D5746B4B-8644-421E-AB87-C4C28BF476B8}"
EndProject
Project("{8BC9CEB8-8B4A-11D0-8D11-00A0C91BC942}") = "ALL_BUILD", "External\Horde3D\Build\ALL_BUILD.vcxproj", "{94B5302E-9CC8-3BA0-A589-5D38D2F4F5BD}"
EndProject
Global
	GlobalSection(SolutionConfigurationPlatforms) = preSolution
		Debug Dynamic|Any CPU = Debug Dynamic|Any CPU
		Debug Dynamic|x64 = Debug Dynamic|x64
		Debug Dynamic|x86 = Debug Dynamic|x86
		Debug Static|Any CPU = Debug Static|Any CPU
		Debug Static|x64 = Debug Static|x64
		Debug Static|x86 = Debug Static|x86
		Debug|Any CPU = Debug|Any CPU
		Debug|x64 = Debug|x64
		Debug|x86 = Debug|x86
		MinSizeRel|Any CPU = MinSizeRel|Any CPU
		MinSizeRel|x64 = MinSizeRel|x64
		MinSizeRel|x86 = MinSizeRel|x86
		Release Dynamic|Any CPU = Release Dynamic|Any CPU
		Release Dynamic|x64 = Release Dynamic|x64
		Release Dynamic|x86 = Release Dynamic|x86
		Release Static|Any CPU = Release Static|Any CPU
		Release Static|x64 = Release Static|x64
		Release Static|x86 = Release Static|x86
		Release|Any CPU = Release|Any CPU
		Release|x64 = Release|x64
		Release|x86 = Release|x86
		RelWithDebInfo|Any CPU = RelWithDebInfo|Any CPU
		RelWithDebInfo|x64 = RelWithDebInfo|x64
		RelWithDebInfo|x86 = RelWithDebInfo|x86
	EndGlobalSection
	GlobalSection(ProjectConfigurationPlatforms) = postSolution
		{31A996D0-D906-4351-968C-8CF1B76FDDAF}.Debug Dynamic|Any CPU.ActiveCfg = Release|x64
		{31A996D0-D906-4351-968C-8CF1B76FDDAF}.Debug Dynamic|Any CPU.Build.0 = Release|x64
		{31A996D0-D906-4351-968C-8CF1B76FDDAF}.Debug Dynamic|x64.ActiveCfg = Debug|x64
		{31A996D0-D906-4351-968C-8CF1B76FDDAF}.Debug Dynamic|x64.Build.0 = Debug|x64
		{31A996D0-D906-4351-968C-8CF1B76FDDAF}.Debug Dynamic|x86.ActiveCfg = Debug|x64
		{31A996D0-D906-4351-968C-8CF1B76FDDAF}.Debug Dynamic|x86.Build.0 = Debug|x64
		{31A996D0-D906-4351-968C-8CF1B76FDDAF}.Debug Dynamic|x86.Deploy.0 = Debug|x64
		{31A996D0-D906-4351-968C-8CF1B76FDDAF}.Debug Static|Any CPU.ActiveCfg = Release|x64
		{31A996D0-D906-4351-968C-8CF1B76FDDAF}.Debug Static|Any CPU.Build.0 = Release|x64
		{31A996D0-D906-4351-968C-8CF1B76FDDAF}.Debug Static|x64.ActiveCfg = Debug|x64
		{31A996D0-D906-4351-968C-8CF1B76FDDAF}.Debug Static|x64.Build.0 = Debug|x64
		{31A996D0-D906-4351-968C-8CF1B76FDDAF}.Debug Static|x86.ActiveCfg = Debug|x64
		{31A996D0-D906-4351-968C-8CF1B76FDDAF}.Debug Static|x86.Build.0 = Debug|x64
		{31A996D0-D906-4351-968C-8CF1B76FDDAF}.Debug Static|x86.Deploy.0 = Debug|x64
		{31A996D0-D906-4351-968C-8CF1B76FDDAF}.Debug|Any CPU.ActiveCfg = Debug|x64
		{31A996D0-D906-4351-968C-8CF1B76FDDAF}.Debug|x64.ActiveCfg = Debug|x64
		{31A996D0-D906-4351-968C-8CF1B76FDDAF}.Debug|x64.Build.0 = Debug|x64
		{31A996D0-D906-4351-968C-8CF1B76FDDAF}.Debug|x86.ActiveCfg = Debug|x64
		{31A996D0-D906-4351-968C-8CF1B76FDDAF}.MinSizeRel|Any CPU.ActiveCfg = Debug|x64
		{31A996D0-D906-4351-968C-8CF1B76FDDAF}.MinSizeRel|Any CPU.Build.0 = Debug|x64
		{31A996D0-D906-4351-968C-8CF1B76FDDAF}.MinSizeRel|Any CPU.Deploy.0 = Debug|x64
		{31A996D0-D906-4351-968C-8CF1B76FDDAF}.MinSizeRel|x64.ActiveCfg = Debug|x64
		{31A996D0-D906-4351-968C-8CF1B76FDDAF}.MinSizeRel|x64.Build.0 = Debug|x64
		{31A996D0-D906-4351-968C-8CF1B76FDDAF}.MinSizeRel|x86.ActiveCfg = Debug|x64
		{31A996D0-D906-4351-968C-8CF1B76FDDAF}.MinSizeRel|x86.Build.0 = Debug|x64
		{31A996D0-D906-4351-968C-8CF1B76FDDAF}.MinSizeRel|x86.Deploy.0 = Debug|x64
		{31A996D0-D906-4351-968C-8CF1B76FDDAF}.Release Dynamic|Any CPU.ActiveCfg = Release|x64
		{31A996D0-D906-4351-968C-8CF1B76FDDAF}.Release Dynamic|Any CPU.Build.0 = Release|x64
		{31A996D0-D906-4351-968C-8CF1B76FDDAF}.Release Dynamic|x64.ActiveCfg = Release|x64
		{31A996D0-D906-4351-968C-8CF1B76FDDAF}.Release Dynamic|x64.Build.0 = Release|x64
		{31A996D0-D906-4351-968C-8CF1B76FDDAF}.Release Dynamic|x86.ActiveCfg = Debug|x64
		{31A996D0-D906-4351-968C-8CF1B76FDDAF}.Release Dynamic|x86.Build.0 = Debug|x64
		{31A996D0-D906-4351-968C-8CF1B76FDDAF}.Release Dynamic|x86.Deploy.0 = Debug|x64
		{31A996D0-D906-4351-968C-8CF1B76FDDAF}.Release Static|Any CPU.ActiveCfg = Release|x64
		{31A996D0-D906-4351-968C-8CF1B76FDDAF}.Release Static|Any CPU.Build.0 = Release|x64
		{31A996D0-D906-4351-968C-8CF1B76FDDAF}.Release Static|x64.ActiveCfg = Release|x64
		{31A996D0-D906-4351-968C-8CF1B76FDDAF}.Release Static|x64.Build.0 = Release|x64
		{31A996D0-D906-4351-968C-8CF1B76FDDAF}.Release Static|x86.ActiveCfg = Debug|x64
		{31A996D0-D906-4351-968C-8CF1B76FDDAF}.Release Static|x86.Build.0 = Debug|x64
		{31A996D0-D906-4351-968C-8CF1B76FDDAF}.Release Static|x86.Deploy.0 = Debug|x64
		{31A996D0-D906-4351-968C-8CF1B76FDDAF}.Release|Any CPU.ActiveCfg = Release|x64
		{31A996D0-D906-4351-968C-8CF1B76FDDAF}.Release|x64.ActiveCfg = Release|x64
		{31A996D0-D906-4351-968C-8CF1B76FDDAF}.Release|x64.Build.0 = Release|x64
		{31A996D0-D906-4351-968C-8CF1B76FDDAF}.Release|x86.ActiveCfg = Release|x64
		{31A996D0-D906-4351-968C-8CF1B76FDDAF}.RelWithDebInfo|Any CPU.ActiveCfg = Debug|x64
		{31A996D0-D906-4351-968C-8CF1B76FDDAF}.RelWithDebInfo|Any CPU.Build.0 = Debug|x64
		{31A996D0-D906-4351-968C-8CF1B76FDDAF}.RelWithDebInfo|Any CPU.Deploy.0 = Debug|x64
		{31A996D0-D906-4351-968C-8CF1B76FDDAF}.RelWithDebInfo|x64.ActiveCfg = Release|x64
		{31A996D0-D906-4351-968C-8CF1B76FDDAF}.RelWithDebInfo|x64.Build.0 = Release|x64
		{31A996D0-D906-4351-968C-8CF1B76FDDAF}.RelWithDebInfo|x86.ActiveCfg = Debug|x64
		{31A996D0-D906-4351-968C-8CF1B76FDDAF}.RelWithDebInfo|x86.Build.0 = Debug|x64
		{31A996D0-D906-4351-968C-8CF1B76FDDAF}.RelWithDebInfo|x86.Deploy.0 = Debug|x64
		{A8E32855-F506-4E07-AA39-9FFF743CFFE6}.Debug Dynamic|Any CPU.ActiveCfg = Debug Dynamic|Win32
		{A8E32855-F506-4E07-AA39-9FFF743CFFE6}.Debug Dynamic|x64.ActiveCfg = Debug Dynamic|x64
		{A8E32855-F506-4E07-AA39-9FFF743CFFE6}.Debug Dynamic|x64.Build.0 = Debug Dynamic|x64
		{A8E32855-F506-4E07-AA39-9FFF743CFFE6}.Debug Dynamic|x86.ActiveCfg = Debug Dynamic|Win32
		{A8E32855-F506-4E07-AA39-9FFF743CFFE6}.Debug Dynamic|x86.Build.0 = Debug Dynamic|Win32
		{A8E32855-F506-4E07-AA39-9FFF743CFFE6}.Debug Static|Any CPU.ActiveCfg = Debug Static|Win32
		{A8E32855-F506-4E07-AA39-9FFF743CFFE6}.Debug Static|x64.ActiveCfg = Debug Static|x64
		{A8E32855-F506-4E07-AA39-9FFF743CFFE6}.Debug Static|x64.Build.0 = Debug Static|x64
		{A8E32855-F506-4E07-AA39-9FFF743CFFE6}.Debug Static|x86.ActiveCfg = Debug Static|Win32
		{A8E32855-F506-4E07-AA39-9FFF743CFFE6}.Debug Static|x86.Build.0 = Debug Static|Win32
		{A8E32855-F506-4E07-AA39-9FFF743CFFE6}.Debug|Any CPU.ActiveCfg = Release Static|x64
		{A8E32855-F506-4E07-AA39-9FFF743CFFE6}.Debug|Any CPU.Build.0 = Release Static|x64
		{A8E32855-F506-4E07-AA39-9FFF743CFFE6}.Debug|x64.ActiveCfg = Debug Static|x64
		{A8E32855-F506-4E07-AA39-9FFF743CFFE6}.Debug|x64.Build.0 = Debug Static|x64
		{A8E32855-F506-4E07-AA39-9FFF743CFFE6}.Debug|x86.ActiveCfg = Debug Static|Win32
		{A8E32855-F506-4E07-AA39-9FFF743CFFE6}.Debug|x86.Build.0 = Debug Static|Win32
		{A8E32855-F506-4E07-AA39-9FFF743CFFE6}.MinSizeRel|Any CPU.ActiveCfg = Release Static|Win32
		{A8E32855-F506-4E07-AA39-9FFF743CFFE6}.MinSizeRel|Any CPU.Build.0 = Release Static|Win32
		{A8E32855-F506-4E07-AA39-9FFF743CFFE6}.MinSizeRel|x64.ActiveCfg = Release Dynamic|x64
		{A8E32855-F506-4E07-AA39-9FFF743CFFE6}.MinSizeRel|x64.Build.0 = Release Dynamic|x64
		{A8E32855-F506-4E07-AA39-9FFF743CFFE6}.MinSizeRel|x86.ActiveCfg = Release Static|Win32
		{A8E32855-F506-4E07-AA39-9FFF743CFFE6}.MinSizeRel|x86.Build.0 = Release Static|Win32
		{A8E32855-F506-4E07-AA39-9FFF743CFFE6}.Release Dynamic|Any CPU.ActiveCfg = Release Dynamic|Win32
		{A8E32855-F506-4E07-AA39-9FFF743CFFE6}.Release Dynamic|x64.ActiveCfg = Release Dynamic|x64
		{A8E32855-F506-4E07-AA39-9FFF743CFFE6}.Release Dynamic|x64.Build.0 = Release Dynamic|x64
		{A8E32855-F506-4E07-AA39-9FFF743CFFE6}.Release Dynamic|x86.ActiveCfg = Release Dynamic|Win32
		{A8E32855-F506-4E07-AA39-9FFF743CFFE6}.Release Dynamic|x86.Build.0 = Release Dynamic|Win32
		{A8E32855-F506-4E07-AA39-9FFF743CFFE6}.Release Static|Any CPU.ActiveCfg = Release Static|Win32
		{A8E32855-F506-4E07-AA39-9FFF743CFFE6}.Release Static|x64.ActiveCfg = Release Static|x64
		{A8E32855-F506-4E07-AA39-9FFF743CFFE6}.Release Static|x64.Build.0 = Release Static|x64
		{A8E32855-F506-4E07-AA39-9FFF743CFFE6}.Release Static|x86.ActiveCfg = Release Static|Win32
		{A8E32855-F506-4E07-AA39-9FFF743CFFE6}.Release Static|x86.Build.0 = Release Static|Win32
		{A8E32855-F506-4E07-AA39-9FFF743CFFE6}.Release|Any CPU.ActiveCfg = Release Static|x64
		{A8E32855-F506-4E07-AA39-9FFF743CFFE6}.Release|Any CPU.Build.0 = Release Static|x64
		{A8E32855-F506-4E07-AA39-9FFF743CFFE6}.Release|x64.ActiveCfg = Release Static|x64
		{A8E32855-F506-4E07-AA39-9FFF743CFFE6}.Release|x64.Build.0 = Release Static|x64
		{A8E32855-F506-4E07-AA39-9FFF743CFFE6}.Release|x86.ActiveCfg = Release Static|Win32
		{A8E32855-F506-4E07-AA39-9FFF743CFFE6}.Release|x86.Build.0 = Release Static|Win32
		{A8E32855-F506-4E07-AA39-9FFF743CFFE6}.RelWithDebInfo|Any CPU.ActiveCfg = Release Static|Win32
		{A8E32855-F506-4E07-AA39-9FFF743CFFE6}.RelWithDebInfo|Any CPU.Build.0 = Release Static|Win32
		{A8E32855-F506-4E07-AA39-9FFF743CFFE6}.RelWithDebInfo|x64.ActiveCfg = Release Dynamic|x64
		{A8E32855-F506-4E07-AA39-9FFF743CFFE6}.RelWithDebInfo|x64.Build.0 = Release Dynamic|x64
		{A8E32855-F506-4E07-AA39-9FFF743CFFE6}.RelWithDebInfo|x86.ActiveCfg = Release Static|Win32
		{A8E32855-F506-4E07-AA39-9FFF743CFFE6}.RelWithDebInfo|x86.Build.0 = Release Static|Win32
		{CE874F05-14F7-4691-A23C-56B5174A6180}.Debug Dynamic|Any CPU.ActiveCfg = Release|x64
		{CE874F05-14F7-4691-A23C-56B5174A6180}.Debug Dynamic|Any CPU.Build.0 = Release|x64
		{CE874F05-14F7-4691-A23C-56B5174A6180}.Debug Dynamic|x64.ActiveCfg = Debug|x64
		{CE874F05-14F7-4691-A23C-56B5174A6180}.Debug Dynamic|x64.Build.0 = Debug|x64
		{CE874F05-14F7-4691-A23C-56B5174A6180}.Debug Dynamic|x86.ActiveCfg = Debug|Win32
		{CE874F05-14F7-4691-A23C-56B5174A6180}.Debug Dynamic|x86.Build.0 = Debug|Win32
		{CE874F05-14F7-4691-A23C-56B5174A6180}.Debug Static|Any CPU.ActiveCfg = Release|x64
		{CE874F05-14F7-4691-A23C-56B5174A6180}.Debug Static|Any CPU.Build.0 = Release|x64
		{CE874F05-14F7-4691-A23C-56B5174A6180}.Debug Static|x64.ActiveCfg = Debug|x64
		{CE874F05-14F7-4691-A23C-56B5174A6180}.Debug Static|x64.Build.0 = Debug|x64
		{CE874F05-14F7-4691-A23C-56B5174A6180}.Debug Static|x86.ActiveCfg = Debug|Win32
		{CE874F05-14F7-4691-A23C-56B5174A6180}.Debug Static|x86.Build.0 = Debug|Win32
		{CE874F05-14F7-4691-A23C-56B5174A6180}.Debug|Any CPU.ActiveCfg = Debug|Win32
		{CE874F05-14F7-4691-A23C-56B5174A6180}.Debug|x64.ActiveCfg = Debug|x64
		{CE874F05-14F7-4691-A23C-56B5174A6180}.Debug|x64.Build.0 = Debug|x64
		{CE874F05-14F7-4691-A23C-56B5174A6180}.Debug|x86.ActiveCfg = Debug|Win32
		{CE874F05-14F7-4691-A23C-56B5174A6180}.Debug|x86.Build.0 = Debug|Win32
		{CE874F05-14F7-4691-A23C-56B5174A6180}.MinSizeRel|Any CPU.ActiveCfg = Release|x64
		{CE874F05-14F7-4691-A23C-56B5174A6180}.MinSizeRel|Any CPU.Build.0 = Release|x64
		{CE874F05-14F7-4691-A23C-56B5174A6180}.MinSizeRel|x64.ActiveCfg = Release|x64
		{CE874F05-14F7-4691-A23C-56B5174A6180}.MinSizeRel|x64.Build.0 = Release|x64
		{CE874F05-14F7-4691-A23C-56B5174A6180}.MinSizeRel|x86.ActiveCfg = Release|Win32
		{CE874F05-14F7-4691-A23C-56B5174A6180}.MinSizeRel|x86.Build.0 = Release|Win32
		{CE874F05-14F7-4691-A23C-56B5174A6180}.Release Dynamic|Any CPU.ActiveCfg = Release|x64
		{CE874F05-14F7-4691-A23C-56B5174A6180}.Release Dynamic|Any CPU.Build.0 = Release|x64
		{CE874F05-14F7-4691-A23C-56B5174A6180}.Release Dynamic|x64.ActiveCfg = Release|x64
		{CE874F05-14F7-4691-A23C-56B5174A6180}.Release Dynamic|x64.Build.0 = Release|x64
		{CE874F05-14F7-4691-A23C-56B5174A6180}.Release Dynamic|x86.ActiveCfg = Release|Win32
		{CE874F05-14F7-4691-A23C-56B5174A6180}.Release Dynamic|x86.Build.0 = Release|Win32
		{CE874F05-14F7-4691-A23C-56B5174A6180}.Release Static|Any CPU.ActiveCfg = Release|x64
		{CE874F05-14F7-4691-A23C-56B5174A6180}.Release Static|Any CPU.Build.0 = Release|x64
		{CE874F05-14F7-4691-A23C-56B5174A6180}.Release Static|x64.ActiveCfg = Release|x64
		{CE874F05-14F7-4691-A23C-56B5174A6180}.Release Static|x64.Build.0 = Release|x64
		{CE874F05-14F7-4691-A23C-56B5174A6180}.Release Static|x86.ActiveCfg = Release|Win32
		{CE874F05-14F7-4691-A23C-56B5174A6180}.Release Static|x86.Build.0 = Release|Win32
		{CE874F05-14F7-4691-A23C-56B5174A6180}.Release|Any CPU.ActiveCfg = Release|Win32
		{CE874F05-14F7-4691-A23C-56B5174A6180}.Release|x64.ActiveCfg = Release|x64
		{CE874F05-14F7-4691-A23C-56B5174A6180}.Release|x64.Build.0 = Release|x64
		{CE874F05-14F7-4691-A23C-56B5174A6180}.Release|x86.ActiveCfg = Release|Win32
		{CE874F05-14F7-4691-A23C-56B5174A6180}.Release|x86.Build.0 = Release|Win32
		{CE874F05-14F7-4691-A23C-56B5174A6180}.RelWithDebInfo|Any CPU.ActiveCfg = Release|x64
		{CE874F05-14F7-4691-A23C-56B5174A6180}.RelWithDebInfo|Any CPU.Build.0 = Release|x64
		{CE874F05-14F7-4691-A23C-56B5174A6180}.RelWithDebInfo|x64.ActiveCfg = Release|x64
		{CE874F05-14F7-4691-A23C-56B5174A6180}.RelWithDebInfo|x64.Build.0 = Release|x64
		{CE874F05-14F7-4691-A23C-56B5174A6180}.RelWithDebInfo|x86.ActiveCfg = Release|Win32
		{CE874F05-14F7-4691-A23C-56B5174A6180}.RelWithDebInfo|x86.Build.0 = Release|Win32
		{8B7ACF54-6365-3EE9-911F-305DDC74F0F0}.Debug Dynamic|Any CPU.ActiveCfg = MinSizeRel|x64
		{8B7ACF54-6365-3EE9-911F-305DDC74F0F0}.Debug Dynamic|Any CPU.Build.0 = MinSizeRel|x64
		{8B7ACF54-6365-3EE9-911F-305DDC74F0F0}.Debug Dynamic|x64.ActiveCfg = Debug|x64
		{8B7ACF54-6365-3EE9-911F-305DDC74F0F0}.Debug Dynamic|x64.Build.0 = Debug|x64
		{8B7ACF54-6365-3EE9-911F-305DDC74F0F0}.Debug Dynamic|x86.ActiveCfg = MinSizeRel|x64
		{8B7ACF54-6365-3EE9-911F-305DDC74F0F0}.Debug Dynamic|x86.Build.0 = MinSizeRel|x64
		{8B7ACF54-6365-3EE9-911F-305DDC74F0F0}.Debug Static|Any CPU.ActiveCfg = MinSizeRel|x64
		{8B7ACF54-6365-3EE9-911F-305DDC74F0F0}.Debug Static|Any CPU.Build.0 = MinSizeRel|x64
		{8B7ACF54-6365-3EE9-911F-305DDC74F0F0}.Debug Static|x64.ActiveCfg = Debug|x64
		{8B7ACF54-6365-3EE9-911F-305DDC74F0F0}.Debug Static|x64.Build.0 = Debug|x64
		{8B7ACF54-6365-3EE9-911F-305DDC74F0F0}.Debug Static|x86.ActiveCfg = MinSizeRel|x64
		{8B7ACF54-6365-3EE9-911F-305DDC74F0F0}.Debug Static|x86.Build.0 = MinSizeRel|x64
		{8B7ACF54-6365-3EE9-911F-305DDC74F0F0}.Debug|Any CPU.ActiveCfg = Debug|x64
		{8B7ACF54-6365-3EE9-911F-305DDC74F0F0}.Debug|x64.ActiveCfg = Debug|x64
		{8B7ACF54-6365-3EE9-911F-305DDC74F0F0}.Debug|x64.Build.0 = Debug|x64
		{8B7ACF54-6365-3EE9-911F-305DDC74F0F0}.Debug|x86.ActiveCfg = Debug|x64
		{8B7ACF54-6365-3EE9-911F-305DDC74F0F0}.MinSizeRel|Any CPU.ActiveCfg = MinSizeRel|x64
		{8B7ACF54-6365-3EE9-911F-305DDC74F0F0}.MinSizeRel|x64.ActiveCfg = MinSizeRel|x64
		{8B7ACF54-6365-3EE9-911F-305DDC74F0F0}.MinSizeRel|x64.Build.0 = MinSizeRel|x64
		{8B7ACF54-6365-3EE9-911F-305DDC74F0F0}.MinSizeRel|x86.ActiveCfg = MinSizeRel|x64
		{8B7ACF54-6365-3EE9-911F-305DDC74F0F0}.Release Dynamic|Any CPU.ActiveCfg = MinSizeRel|x64
		{8B7ACF54-6365-3EE9-911F-305DDC74F0F0}.Release Dynamic|Any CPU.Build.0 = MinSizeRel|x64
		{8B7ACF54-6365-3EE9-911F-305DDC74F0F0}.Release Dynamic|x64.ActiveCfg = Release|x64
		{8B7ACF54-6365-3EE9-911F-305DDC74F0F0}.Release Dynamic|x64.Build.0 = Release|x64
		{8B7ACF54-6365-3EE9-911F-305DDC74F0F0}.Release Dynamic|x86.ActiveCfg = MinSizeRel|x64
		{8B7ACF54-6365-3EE9-911F-305DDC74F0F0}.Release Dynamic|x86.Build.0 = MinSizeRel|x64
		{8B7ACF54-6365-3EE9-911F-305DDC74F0F0}.Release Static|Any CPU.ActiveCfg = MinSizeRel|x64
		{8B7ACF54-6365-3EE9-911F-305DDC74F0F0}.Release Static|Any CPU.Build.0 = MinSizeRel|x64
		{8B7ACF54-6365-3EE9-911F-305DDC74F0F0}.Release Static|x64.ActiveCfg = Release|x64
		{8B7ACF54-6365-3EE9-911F-305DDC74F0F0}.Release Static|x64.Build.0 = Release|x64
		{8B7ACF54-6365-3EE9-911F-305DDC74F0F0}.Release Static|x86.ActiveCfg = MinSizeRel|x64
		{8B7ACF54-6365-3EE9-911F-305DDC74F0F0}.Release Static|x86.Build.0 = MinSizeRel|x64
		{8B7ACF54-6365-3EE9-911F-305DDC74F0F0}.Release|Any CPU.ActiveCfg = Release|x64
		{8B7ACF54-6365-3EE9-911F-305DDC74F0F0}.Release|x64.ActiveCfg = Release|x64
		{8B7ACF54-6365-3EE9-911F-305DDC74F0F0}.Release|x64.Build.0 = Release|x64
		{8B7ACF54-6365-3EE9-911F-305DDC74F0F0}.Release|x86.ActiveCfg = Release|x64
		{8B7ACF54-6365-3EE9-911F-305DDC74F0F0}.RelWithDebInfo|Any CPU.ActiveCfg = RelWithDebInfo|x64
		{8B7ACF54-6365-3EE9-911F-305DDC74F0F0}.RelWithDebInfo|x64.ActiveCfg = RelWithDebInfo|x64
		{8B7ACF54-6365-3EE9-911F-305DDC74F0F0}.RelWithDebInfo|x64.Build.0 = RelWithDebInfo|x64
		{8B7ACF54-6365-3EE9-911F-305DDC74F0F0}.RelWithDebInfo|x86.ActiveCfg = RelWithDebInfo|x64
		{94B5302E-9CC8-3BA0-A589-5D38D2F4F5BD}.Debug Dynamic|Any CPU.ActiveCfg = MinSizeRel|x64
		{94B5302E-9CC8-3BA0-A589-5D38D2F4F5BD}.Debug Dynamic|Any CPU.Build.0 = MinSizeRel|x64
		{94B5302E-9CC8-3BA0-A589-5D38D2F4F5BD}.Debug Dynamic|x64.ActiveCfg = Debug|x64
		{94B5302E-9CC8-3BA0-A589-5D38D2F4F5BD}.Debug Dynamic|x64.Build.0 = Debug|x64
		{94B5302E-9CC8-3BA0-A589-5D38D2F4F5BD}.Debug Dynamic|x86.ActiveCfg = MinSizeRel|x64
		{94B5302E-9CC8-3BA0-A589-5D38D2F4F5BD}.Debug Dynamic|x86.Build.0 = MinSizeRel|x64
		{94B5302E-9CC8-3BA0-A589-5D38D2F4F5BD}.Debug Static|Any CPU.ActiveCfg = MinSizeRel|x64
		{94B5302E-9CC8-3BA0-A589-5D38D2F4F5BD}.Debug Static|Any CPU.Build.0 = MinSizeRel|x64
		{94B5302E-9CC8-3BA0-A589-5D38D2F4F5BD}.Debug Static|x64.ActiveCfg = Debug|x64
		{94B5302E-9CC8-3BA0-A589-5D38D2F4F5BD}.Debug Static|x64.Build.0 = Debug|x64
		{94B5302E-9CC8-3BA0-A589-5D38D2F4F5BD}.Debug Static|x86.ActiveCfg = MinSizeRel|x64
		{94B5302E-9CC8-3BA0-A589-5D38D2F4F5BD}.Debug Static|x86.Build.0 = MinSizeRel|x64
		{94B5302E-9CC8-3BA0-A589-5D38D2F4F5BD}.Debug|Any CPU.ActiveCfg = Debug|x64
		{94B5302E-9CC8-3BA0-A589-5D38D2F4F5BD}.Debug|x64.ActiveCfg = Debug|x64
		{94B5302E-9CC8-3BA0-A589-5D38D2F4F5BD}.Debug|x64.Build.0 = Debug|x64
		{94B5302E-9CC8-3BA0-A589-5D38D2F4F5BD}.Debug|x86.ActiveCfg = Debug|x64
		{94B5302E-9CC8-3BA0-A589-5D38D2F4F5BD}.MinSizeRel|Any CPU.ActiveCfg = MinSizeRel|x64
		{94B5302E-9CC8-3BA0-A589-5D38D2F4F5BD}.MinSizeRel|x64.ActiveCfg = MinSizeRel|x64
		{94B5302E-9CC8-3BA0-A589-5D38D2F4F5BD}.MinSizeRel|x64.Build.0 = MinSizeRel|x64
		{94B5302E-9CC8-3BA0-A589-5D38D2F4F5BD}.MinSizeRel|x86.ActiveCfg = MinSizeRel|x64
		{94B5302E-9CC8-3BA0-A589-5D38D2F4F5BD}.Release Dynamic|Any CPU.ActiveCfg = MinSizeRel|x64
		{94B5302E-9CC8-3BA0-A589-5D38D2F4F5BD}.Release Dynamic|Any CPU.Build.0 = MinSizeRel|x64
		{94B5302E-9CC8-3BA0-A589-5D38D2F4F5BD}.Release Dynamic|x64.ActiveCfg = Release|x64
		{94B5302E-9CC8-3BA0-A589-5D38D2F4F5BD}.Release Dynamic|x64.Build.0 = Release|x64
		{94B5302E-9CC8-3BA0-A589-5D38D2F4F5BD}.Release Dynamic|x86.ActiveCfg = MinSizeRel|x64
		{94B5302E-9CC8-3BA0-A589-5D38D2F4F5BD}.Release Dynamic|x86.Build.0 = MinSizeRel|x64
		{94B5302E-9CC8-3BA0-A589-5D38D2F4F5BD}.Release Static|Any CPU.ActiveCfg = MinSizeRel|x64
		{94B5302E-9CC8-3BA0-A589-5D38D2F4F5BD}.Release Static|Any CPU.Build.0 = MinSizeRel|x64
		{94B5302E-9CC8-3BA0-A589-5D38D2F4F5BD}.Release Static|x64.ActiveCfg = Release|x64
		{94B5302E-9CC8-3BA0-A589-5D38D2F4F5BD}.Release Static|x64.Build.0 = Release|x64
		{94B5302E-9CC8-3BA0-A589-5D38D2F4F5BD}.Release Static|x86.ActiveCfg = MinSizeRel|x64
		{94B5302E-9CC8-3BA0-A589-5D38D2F4F5BD}.Release Static|x86.Build.0 = MinSizeRel|x64
		{94B5302E-9CC8-3BA0-A589-5D38D2F4F5BD}.Release|Any CPU.ActiveCfg = Release|x64
		{94B5302E-9CC8-3BA0-A589-5D38D2F4F5BD}.Release|x64.ActiveCfg = Release|x64
		{94B5302E-9CC8-3BA0-A589-5D38D2F4F5BD}.Release|x64.Build.0 = Release|x64
		{94B5302E-9CC8-3BA0-A589-5D38D2F4F5BD}.Release|x86.ActiveCfg = Release|x64
		{94B5302E-9CC8-3BA0-A589-5D38D2F4F5BD}.RelWithDebInfo|Any CPU.ActiveCfg = RelWithDebInfo|x64
		{94B5302E-9CC8-3BA0-A589-5D38D2F4F5BD}.RelWithDebInfo|x64.ActiveCfg = RelWithDebInfo|x64
		{94B5302E-9CC8-3BA0-A589-5D38D2F4F5BD}.RelWithDebInfo|x64.Build.0 = RelWithDebInfo|x64
		{94B5302E-9CC8-3BA0-A589-5D38D2F4F5BD}.RelWithDebInfo|x86.ActiveCfg = RelWithDebInfo|x64
	EndGlobalSection
	GlobalSection(SolutionProperties) = preSolution
		HideSolutionNode = FALSE
	EndGlobalSection
	GlobalSection(NestedProjects) = preSolution
		{C521D3A9-6605-427E-8B44-9D284F597DAD} = {4C9AB961-F6EA-4D68-B84C-A16A49F13B4B}
		{A8E32855-F506-4E07-AA39-9FFF743CFFE6} = {C521D3A9-6605-427E-8B44-9D284F597DAD}
		{0E4F0001-B6A6-4255-A5CE-8A7738707A19} = {4C9AB961-F6EA-4D68-B84C-A16A49F13B4B}
		{8B7ACF54-6365-3EE9-911F-305DDC74F0F0} = {0E4F0001-B6A6-4255-A5CE-8A7738707A19}
		{D5746B4B-8644-421E-AB87-C4C28BF476B8} = {4C9AB961-F6EA-4D68-B84C-A16A49F13B4B}
		{94B5302E-9CC8-3BA0-A589-5D38D2F4F5BD} = {D5746B4B-8644-421E-AB87-C4C28BF476B8}
	EndGlobalSection
	GlobalSection(ExtensibilityGlobals) = postSolution
		SolutionGuid = {A47234E9-EED9-475E-AE57-3B7BD0515EA9}
	EndGlobalSection
EndGlobal
