
Microsoft Visual Studio Solution File, Format Version 12.00
# Visual Studio 15
VisualStudioVersion = 15.0.27130.2027
MinimumVisualStudioVersion = 10.0.40219.1
Project("{8BC9CEB8-8B4A-11D0-8D11-00A0C91BC942}") = "Isetta", "Isetta\Isetta.vcxproj", "{31A996D0-D906-4351-968C-8CF1B76FDDAF}"
	ProjectSection(ProjectDependencies) = postProject
		{A8E32855-F506-4E07-AA39-9FFF743CFFE6} = {A8E32855-F506-4E07-AA39-9FFF743CFFE6}
	EndProjectSection
EndProject
Project("{2150E333-8FDC-42A3-9474-1A3956D46DE8}") = "External", "External", "{4C9AB961-F6EA-4D68-B84C-A16A49F13B4B}"
EndProject
Project("{2150E333-8FDC-42A3-9474-1A3956D46DE8}") = "brofiler", "brofiler", "{C521D3A9-6605-427E-8B44-9D284F597DAD}"
EndProject
Project("{8BC9CEB8-8B4A-11D0-8D11-00A0C91BC942}") = "ProfilerCore", "External\brofiler\ProfilerCore\ProfilerCore.vcxproj", "{A8E32855-F506-4E07-AA39-9FFF743CFFE6}"
EndProject
Project("{2150E333-8FDC-42A3-9474-1A3956D46DE8}") = "Horde", "Horde", "{7E2C90A9-0A6D-4D9B-A1C2-87463810C65C}"
EndProject
Project("{8BC9CEB8-8B4A-11D0-8D11-00A0C91BC942}") = "Horde3D", "External\Horde3D\Build\Horde3D\Source\Horde3DEngine\Horde3D.vcxproj", "{947B42D7-A40E-318D-8F51-E325DFF39E54}"
EndProject
Project("{8BC9CEB8-8B4A-11D0-8D11-00A0C91BC942}") = "Horde3DUtils", "External\Horde3D\Build\Horde3D\Source\Horde3DUtils\Horde3DUtils.vcxproj", "{EE2279A0-B3A3-345D-A298-691A41718B69}"
EndProject
Project("{2150E333-8FDC-42A3-9474-1A3956D46DE8}") = "GLFW", "GLFW", "{26D7217F-D492-4959-8FF2-405931648B9B}"
EndProject
Project("{8BC9CEB8-8B4A-11D0-8D11-00A0C91BC942}") = "glfw", "External\GLFW\Build\src\glfw.vcxproj", "{B4211A71-EA62-34BA-951A-681FE3522381}"
EndProject
Global
	GlobalSection(SolutionConfigurationPlatforms) = preSolution
		Debug Dynamic|Any CPU = Debug Dynamic|Any CPU
		Debug Dynamic|x64 = Debug Dynamic|x64
		Debug Dynamic|x86 = Debug Dynamic|x86
		Debug Static|Any CPU = Debug Static|Any CPU
		Debug Static|x64 = Debug Static|x64
		Debug Static|x86 = Debug Static|x86
		Debug|Any CPU = Debug|Any CPU
		Debug|x64 = Debug|x64
		Debug|x86 = Debug|x86
		MinSizeRel|Any CPU = MinSizeRel|Any CPU
		MinSizeRel|x64 = MinSizeRel|x64
		MinSizeRel|x86 = MinSizeRel|x86
		Release Dynamic|Any CPU = Release Dynamic|Any CPU
		Release Dynamic|x64 = Release Dynamic|x64
		Release Dynamic|x86 = Release Dynamic|x86
		Release Static|Any CPU = Release Static|Any CPU
		Release Static|x64 = Release Static|x64
		Release Static|x86 = Release Static|x86
		Release|Any CPU = Release|Any CPU
		Release|x64 = Release|x64
		Release|x86 = Release|x86
		RelWithDebInfo|Any CPU = RelWithDebInfo|Any CPU
		RelWithDebInfo|x64 = RelWithDebInfo|x64
		RelWithDebInfo|x86 = RelWithDebInfo|x86
	EndGlobalSection
	GlobalSection(ProjectConfigurationPlatforms) = postSolution
		{31A996D0-D906-4351-968C-8CF1B76FDDAF}.Debug Dynamic|Any CPU.ActiveCfg = Release|x64
		{31A996D0-D906-4351-968C-8CF1B76FDDAF}.Debug Dynamic|Any CPU.Build.0 = Release|x64
		{31A996D0-D906-4351-968C-8CF1B76FDDAF}.Debug Dynamic|x64.ActiveCfg = Debug|x64
		{31A996D0-D906-4351-968C-8CF1B76FDDAF}.Debug Dynamic|x64.Build.0 = Debug|x64
		{31A996D0-D906-4351-968C-8CF1B76FDDAF}.Debug Dynamic|x86.ActiveCfg = Debug|x64
		{31A996D0-D906-4351-968C-8CF1B76FDDAF}.Debug Dynamic|x86.Build.0 = Debug|x64
		{31A996D0-D906-4351-968C-8CF1B76FDDAF}.Debug Dynamic|x86.Deploy.0 = Debug|x64
		{31A996D0-D906-4351-968C-8CF1B76FDDAF}.Debug Static|Any CPU.ActiveCfg = Release|x64
		{31A996D0-D906-4351-968C-8CF1B76FDDAF}.Debug Static|Any CPU.Build.0 = Release|x64
		{31A996D0-D906-4351-968C-8CF1B76FDDAF}.Debug Static|x64.ActiveCfg = Debug|x64
		{31A996D0-D906-4351-968C-8CF1B76FDDAF}.Debug Static|x64.Build.0 = Debug|x64
		{31A996D0-D906-4351-968C-8CF1B76FDDAF}.Debug Static|x86.ActiveCfg = Debug|x64
		{31A996D0-D906-4351-968C-8CF1B76FDDAF}.Debug Static|x86.Build.0 = Debug|x64
		{31A996D0-D906-4351-968C-8CF1B76FDDAF}.Debug Static|x86.Deploy.0 = Debug|x64
		{31A996D0-D906-4351-968C-8CF1B76FDDAF}.Debug|Any CPU.ActiveCfg = Debug|x64
		{31A996D0-D906-4351-968C-8CF1B76FDDAF}.Debug|x64.ActiveCfg = Debug|x64
		{31A996D0-D906-4351-968C-8CF1B76FDDAF}.Debug|x64.Build.0 = Debug|x64
		{31A996D0-D906-4351-968C-8CF1B76FDDAF}.Debug|x86.ActiveCfg = Debug|x64
		{31A996D0-D906-4351-968C-8CF1B76FDDAF}.MinSizeRel|Any CPU.ActiveCfg = Debug|x64
		{31A996D0-D906-4351-968C-8CF1B76FDDAF}.MinSizeRel|Any CPU.Build.0 = Debug|x64
		{31A996D0-D906-4351-968C-8CF1B76FDDAF}.MinSizeRel|Any CPU.Deploy.0 = Debug|x64
		{31A996D0-D906-4351-968C-8CF1B76FDDAF}.MinSizeRel|x64.ActiveCfg = Debug|x64
		{31A996D0-D906-4351-968C-8CF1B76FDDAF}.MinSizeRel|x64.Build.0 = Debug|x64
		{31A996D0-D906-4351-968C-8CF1B76FDDAF}.MinSizeRel|x86.ActiveCfg = Debug|x64
		{31A996D0-D906-4351-968C-8CF1B76FDDAF}.MinSizeRel|x86.Build.0 = Debug|x64
		{31A996D0-D906-4351-968C-8CF1B76FDDAF}.MinSizeRel|x86.Deploy.0 = Debug|x64
		{31A996D0-D906-4351-968C-8CF1B76FDDAF}.Release Dynamic|Any CPU.ActiveCfg = Release|x64
		{31A996D0-D906-4351-968C-8CF1B76FDDAF}.Release Dynamic|Any CPU.Build.0 = Release|x64
		{31A996D0-D906-4351-968C-8CF1B76FDDAF}.Release Dynamic|x64.ActiveCfg = Release|x64
		{31A996D0-D906-4351-968C-8CF1B76FDDAF}.Release Dynamic|x64.Build.0 = Release|x64
		{31A996D0-D906-4351-968C-8CF1B76FDDAF}.Release Dynamic|x86.ActiveCfg = Debug|x64
		{31A996D0-D906-4351-968C-8CF1B76FDDAF}.Release Dynamic|x86.Build.0 = Debug|x64
		{31A996D0-D906-4351-968C-8CF1B76FDDAF}.Release Dynamic|x86.Deploy.0 = Debug|x64
		{31A996D0-D906-4351-968C-8CF1B76FDDAF}.Release Static|Any CPU.ActiveCfg = Release|x64
		{31A996D0-D906-4351-968C-8CF1B76FDDAF}.Release Static|Any CPU.Build.0 = Release|x64
		{31A996D0-D906-4351-968C-8CF1B76FDDAF}.Release Static|x64.ActiveCfg = Release|x64
		{31A996D0-D906-4351-968C-8CF1B76FDDAF}.Release Static|x64.Build.0 = Release|x64
		{31A996D0-D906-4351-968C-8CF1B76FDDAF}.Release Static|x86.ActiveCfg = Debug|x64
		{31A996D0-D906-4351-968C-8CF1B76FDDAF}.Release Static|x86.Build.0 = Debug|x64
		{31A996D0-D906-4351-968C-8CF1B76FDDAF}.Release Static|x86.Deploy.0 = Debug|x64
		{31A996D0-D906-4351-968C-8CF1B76FDDAF}.Release|Any CPU.ActiveCfg = Release|x64
		{31A996D0-D906-4351-968C-8CF1B76FDDAF}.Release|x64.ActiveCfg = Release|x64
		{31A996D0-D906-4351-968C-8CF1B76FDDAF}.Release|x64.Build.0 = Release|x64
		{31A996D0-D906-4351-968C-8CF1B76FDDAF}.Release|x86.ActiveCfg = Release|x64
		{31A996D0-D906-4351-968C-8CF1B76FDDAF}.RelWithDebInfo|Any CPU.ActiveCfg = Debug|x64
		{31A996D0-D906-4351-968C-8CF1B76FDDAF}.RelWithDebInfo|Any CPU.Build.0 = Debug|x64
		{31A996D0-D906-4351-968C-8CF1B76FDDAF}.RelWithDebInfo|Any CPU.Deploy.0 = Debug|x64
		{31A996D0-D906-4351-968C-8CF1B76FDDAF}.RelWithDebInfo|x64.ActiveCfg = Release|x64
		{31A996D0-D906-4351-968C-8CF1B76FDDAF}.RelWithDebInfo|x64.Build.0 = Release|x64
		{31A996D0-D906-4351-968C-8CF1B76FDDAF}.RelWithDebInfo|x86.ActiveCfg = Debug|x64
		{31A996D0-D906-4351-968C-8CF1B76FDDAF}.RelWithDebInfo|x86.Build.0 = Debug|x64
		{31A996D0-D906-4351-968C-8CF1B76FDDAF}.RelWithDebInfo|x86.Deploy.0 = Debug|x64
		{A8E32855-F506-4E07-AA39-9FFF743CFFE6}.Debug Dynamic|Any CPU.ActiveCfg = Debug Dynamic|Win32
		{A8E32855-F506-4E07-AA39-9FFF743CFFE6}.Debug Dynamic|x64.ActiveCfg = Debug Dynamic|x64
		{A8E32855-F506-4E07-AA39-9FFF743CFFE6}.Debug Dynamic|x64.Build.0 = Debug Dynamic|x64
		{A8E32855-F506-4E07-AA39-9FFF743CFFE6}.Debug Dynamic|x86.ActiveCfg = Debug Dynamic|Win32
		{A8E32855-F506-4E07-AA39-9FFF743CFFE6}.Debug Dynamic|x86.Build.0 = Debug Dynamic|Win32
		{A8E32855-F506-4E07-AA39-9FFF743CFFE6}.Debug Static|Any CPU.ActiveCfg = Debug Static|Win32
		{A8E32855-F506-4E07-AA39-9FFF743CFFE6}.Debug Static|x64.ActiveCfg = Debug Static|x64
		{A8E32855-F506-4E07-AA39-9FFF743CFFE6}.Debug Static|x64.Build.0 = Debug Static|x64
		{A8E32855-F506-4E07-AA39-9FFF743CFFE6}.Debug Static|x86.ActiveCfg = Debug Static|Win32
		{A8E32855-F506-4E07-AA39-9FFF743CFFE6}.Debug Static|x86.Build.0 = Debug Static|Win32
		{A8E32855-F506-4E07-AA39-9FFF743CFFE6}.Debug|Any CPU.ActiveCfg = Release Static|x64
		{A8E32855-F506-4E07-AA39-9FFF743CFFE6}.Debug|Any CPU.Build.0 = Release Static|x64
		{A8E32855-F506-4E07-AA39-9FFF743CFFE6}.Debug|x64.ActiveCfg = Debug Static|x64
		{A8E32855-F506-4E07-AA39-9FFF743CFFE6}.Debug|x64.Build.0 = Debug Static|x64
		{A8E32855-F506-4E07-AA39-9FFF743CFFE6}.Debug|x86.ActiveCfg = Debug Static|Win32
		{A8E32855-F506-4E07-AA39-9FFF743CFFE6}.Debug|x86.Build.0 = Debug Static|Win32
		{A8E32855-F506-4E07-AA39-9FFF743CFFE6}.MinSizeRel|Any CPU.ActiveCfg = Release Static|Win32
		{A8E32855-F506-4E07-AA39-9FFF743CFFE6}.MinSizeRel|Any CPU.Build.0 = Release Static|Win32
		{A8E32855-F506-4E07-AA39-9FFF743CFFE6}.MinSizeRel|x64.ActiveCfg = Release Dynamic|x64
		{A8E32855-F506-4E07-AA39-9FFF743CFFE6}.MinSizeRel|x64.Build.0 = Release Dynamic|x64
		{A8E32855-F506-4E07-AA39-9FFF743CFFE6}.MinSizeRel|x86.ActiveCfg = Release Static|Win32
		{A8E32855-F506-4E07-AA39-9FFF743CFFE6}.MinSizeRel|x86.Build.0 = Release Static|Win32
		{A8E32855-F506-4E07-AA39-9FFF743CFFE6}.Release Dynamic|Any CPU.ActiveCfg = Release Dynamic|Win32
		{A8E32855-F506-4E07-AA39-9FFF743CFFE6}.Release Dynamic|x64.ActiveCfg = Release Dynamic|x64
		{A8E32855-F506-4E07-AA39-9FFF743CFFE6}.Release Dynamic|x64.Build.0 = Release Dynamic|x64
		{A8E32855-F506-4E07-AA39-9FFF743CFFE6}.Release Dynamic|x86.ActiveCfg = Release Dynamic|Win32
		{A8E32855-F506-4E07-AA39-9FFF743CFFE6}.Release Dynamic|x86.Build.0 = Release Dynamic|Win32
		{A8E32855-F506-4E07-AA39-9FFF743CFFE6}.Release Static|Any CPU.ActiveCfg = Release Static|Win32
		{A8E32855-F506-4E07-AA39-9FFF743CFFE6}.Release Static|x64.ActiveCfg = Release Static|x64
		{A8E32855-F506-4E07-AA39-9FFF743CFFE6}.Release Static|x64.Build.0 = Release Static|x64
		{A8E32855-F506-4E07-AA39-9FFF743CFFE6}.Release Static|x86.ActiveCfg = Release Static|Win32
		{A8E32855-F506-4E07-AA39-9FFF743CFFE6}.Release Static|x86.Build.0 = Release Static|Win32
		{A8E32855-F506-4E07-AA39-9FFF743CFFE6}.Release|Any CPU.ActiveCfg = Release Static|x64
		{A8E32855-F506-4E07-AA39-9FFF743CFFE6}.Release|Any CPU.Build.0 = Release Static|x64
		{A8E32855-F506-4E07-AA39-9FFF743CFFE6}.Release|x64.ActiveCfg = Release Static|x64
		{A8E32855-F506-4E07-AA39-9FFF743CFFE6}.Release|x64.Build.0 = Release Static|x64
		{A8E32855-F506-4E07-AA39-9FFF743CFFE6}.Release|x86.ActiveCfg = Release Static|Win32
		{A8E32855-F506-4E07-AA39-9FFF743CFFE6}.Release|x86.Build.0 = Release Static|Win32
		{A8E32855-F506-4E07-AA39-9FFF743CFFE6}.RelWithDebInfo|Any CPU.ActiveCfg = Release Static|Win32
		{A8E32855-F506-4E07-AA39-9FFF743CFFE6}.RelWithDebInfo|Any CPU.Build.0 = Release Static|Win32
		{A8E32855-F506-4E07-AA39-9FFF743CFFE6}.RelWithDebInfo|x64.ActiveCfg = Release Dynamic|x64
		{A8E32855-F506-4E07-AA39-9FFF743CFFE6}.RelWithDebInfo|x64.Build.0 = Release Dynamic|x64
		{A8E32855-F506-4E07-AA39-9FFF743CFFE6}.RelWithDebInfo|x86.ActiveCfg = Release Static|Win32
		{A8E32855-F506-4E07-AA39-9FFF743CFFE6}.RelWithDebInfo|x86.Build.0 = Release Static|Win32
		{947B42D7-A40E-318D-8F51-E325DFF39E54}.Debug Dynamic|Any CPU.ActiveCfg = MinSizeRel|x64
		{947B42D7-A40E-318D-8F51-E325DFF39E54}.Debug Dynamic|Any CPU.Build.0 = MinSizeRel|x64
		{947B42D7-A40E-318D-8F51-E325DFF39E54}.Debug Dynamic|x64.ActiveCfg = Debug|x64
		{947B42D7-A40E-318D-8F51-E325DFF39E54}.Debug Dynamic|x64.Build.0 = Debug|x64
		{947B42D7-A40E-318D-8F51-E325DFF39E54}.Debug Dynamic|x86.ActiveCfg = MinSizeRel|x64
		{947B42D7-A40E-318D-8F51-E325DFF39E54}.Debug Dynamic|x86.Build.0 = MinSizeRel|x64
		{947B42D7-A40E-318D-8F51-E325DFF39E54}.Debug Static|Any CPU.ActiveCfg = MinSizeRel|x64
		{947B42D7-A40E-318D-8F51-E325DFF39E54}.Debug Static|Any CPU.Build.0 = MinSizeRel|x64
		{947B42D7-A40E-318D-8F51-E325DFF39E54}.Debug Static|x64.ActiveCfg = Debug|x64
		{947B42D7-A40E-318D-8F51-E325DFF39E54}.Debug Static|x64.Build.0 = Debug|x64
		{947B42D7-A40E-318D-8F51-E325DFF39E54}.Debug Static|x86.ActiveCfg = MinSizeRel|x64
		{947B42D7-A40E-318D-8F51-E325DFF39E54}.Debug Static|x86.Build.0 = MinSizeRel|x64
		{947B42D7-A40E-318D-8F51-E325DFF39E54}.Debug|Any CPU.ActiveCfg = Debug|x64
		{947B42D7-A40E-318D-8F51-E325DFF39E54}.Debug|x64.ActiveCfg = Debug|x64
		{947B42D7-A40E-318D-8F51-E325DFF39E54}.Debug|x64.Build.0 = Debug|x64
		{947B42D7-A40E-318D-8F51-E325DFF39E54}.Debug|x86.ActiveCfg = Debug|x64
		{947B42D7-A40E-318D-8F51-E325DFF39E54}.MinSizeRel|Any CPU.ActiveCfg = MinSizeRel|x64
		{947B42D7-A40E-318D-8F51-E325DFF39E54}.MinSizeRel|x64.ActiveCfg = MinSizeRel|x64
		{947B42D7-A40E-318D-8F51-E325DFF39E54}.MinSizeRel|x64.Build.0 = MinSizeRel|x64
		{947B42D7-A40E-318D-8F51-E325DFF39E54}.MinSizeRel|x86.ActiveCfg = MinSizeRel|x64
		{947B42D7-A40E-318D-8F51-E325DFF39E54}.Release Dynamic|Any CPU.ActiveCfg = MinSizeRel|x64
		{947B42D7-A40E-318D-8F51-E325DFF39E54}.Release Dynamic|Any CPU.Build.0 = MinSizeRel|x64
		{947B42D7-A40E-318D-8F51-E325DFF39E54}.Release Dynamic|x64.ActiveCfg = Release|x64
		{947B42D7-A40E-318D-8F51-E325DFF39E54}.Release Dynamic|x64.Build.0 = Release|x64
		{947B42D7-A40E-318D-8F51-E325DFF39E54}.Release Dynamic|x86.ActiveCfg = MinSizeRel|x64
		{947B42D7-A40E-318D-8F51-E325DFF39E54}.Release Dynamic|x86.Build.0 = MinSizeRel|x64
		{947B42D7-A40E-318D-8F51-E325DFF39E54}.Release Static|Any CPU.ActiveCfg = MinSizeRel|x64
		{947B42D7-A40E-318D-8F51-E325DFF39E54}.Release Static|Any CPU.Build.0 = MinSizeRel|x64
		{947B42D7-A40E-318D-8F51-E325DFF39E54}.Release Static|x64.ActiveCfg = Release|x64
		{947B42D7-A40E-318D-8F51-E325DFF39E54}.Release Static|x64.Build.0 = Release|x64
		{947B42D7-A40E-318D-8F51-E325DFF39E54}.Release Static|x86.ActiveCfg = MinSizeRel|x64
		{947B42D7-A40E-318D-8F51-E325DFF39E54}.Release Static|x86.Build.0 = MinSizeRel|x64
		{947B42D7-A40E-318D-8F51-E325DFF39E54}.Release|Any CPU.ActiveCfg = Release|x64
		{947B42D7-A40E-318D-8F51-E325DFF39E54}.Release|x64.ActiveCfg = Release|x64
		{947B42D7-A40E-318D-8F51-E325DFF39E54}.Release|x64.Build.0 = Release|x64
		{947B42D7-A40E-318D-8F51-E325DFF39E54}.Release|x86.ActiveCfg = Release|x64
		{947B42D7-A40E-318D-8F51-E325DFF39E54}.RelWithDebInfo|Any CPU.ActiveCfg = RelWithDebInfo|x64
		{947B42D7-A40E-318D-8F51-E325DFF39E54}.RelWithDebInfo|x64.ActiveCfg = RelWithDebInfo|x64
		{947B42D7-A40E-318D-8F51-E325DFF39E54}.RelWithDebInfo|x64.Build.0 = RelWithDebInfo|x64
		{947B42D7-A40E-318D-8F51-E325DFF39E54}.RelWithDebInfo|x86.ActiveCfg = RelWithDebInfo|x64
		{EE2279A0-B3A3-345D-A298-691A41718B69}.Debug Dynamic|Any CPU.ActiveCfg = MinSizeRel|x64
		{EE2279A0-B3A3-345D-A298-691A41718B69}.Debug Dynamic|Any CPU.Build.0 = MinSizeRel|x64
		{EE2279A0-B3A3-345D-A298-691A41718B69}.Debug Dynamic|x64.ActiveCfg = Debug|x64
		{EE2279A0-B3A3-345D-A298-691A41718B69}.Debug Dynamic|x64.Build.0 = Debug|x64
		{EE2279A0-B3A3-345D-A298-691A41718B69}.Debug Dynamic|x86.ActiveCfg = MinSizeRel|x64
		{EE2279A0-B3A3-345D-A298-691A41718B69}.Debug Dynamic|x86.Build.0 = MinSizeRel|x64
		{EE2279A0-B3A3-345D-A298-691A41718B69}.Debug Static|Any CPU.ActiveCfg = MinSizeRel|x64
		{EE2279A0-B3A3-345D-A298-691A41718B69}.Debug Static|Any CPU.Build.0 = MinSizeRel|x64
		{EE2279A0-B3A3-345D-A298-691A41718B69}.Debug Static|x64.ActiveCfg = Debug|x64
		{EE2279A0-B3A3-345D-A298-691A41718B69}.Debug Static|x64.Build.0 = Debug|x64
		{EE2279A0-B3A3-345D-A298-691A41718B69}.Debug Static|x86.ActiveCfg = MinSizeRel|x64
		{EE2279A0-B3A3-345D-A298-691A41718B69}.Debug Static|x86.Build.0 = MinSizeRel|x64
		{EE2279A0-B3A3-345D-A298-691A41718B69}.Debug|Any CPU.ActiveCfg = Debug|x64
		{EE2279A0-B3A3-345D-A298-691A41718B69}.Debug|x64.ActiveCfg = Debug|x64
		{EE2279A0-B3A3-345D-A298-691A41718B69}.Debug|x64.Build.0 = Debug|x64
		{EE2279A0-B3A3-345D-A298-691A41718B69}.Debug|x86.ActiveCfg = Debug|x64
		{EE2279A0-B3A3-345D-A298-691A41718B69}.MinSizeRel|Any CPU.ActiveCfg = MinSizeRel|x64
		{EE2279A0-B3A3-345D-A298-691A41718B69}.MinSizeRel|x64.ActiveCfg = MinSizeRel|x64
		{EE2279A0-B3A3-345D-A298-691A41718B69}.MinSizeRel|x64.Build.0 = MinSizeRel|x64
		{EE2279A0-B3A3-345D-A298-691A41718B69}.MinSizeRel|x86.ActiveCfg = MinSizeRel|x64
		{EE2279A0-B3A3-345D-A298-691A41718B69}.Release Dynamic|Any CPU.ActiveCfg = MinSizeRel|x64
		{EE2279A0-B3A3-345D-A298-691A41718B69}.Release Dynamic|Any CPU.Build.0 = MinSizeRel|x64
		{EE2279A0-B3A3-345D-A298-691A41718B69}.Release Dynamic|x64.ActiveCfg = Release|x64
		{EE2279A0-B3A3-345D-A298-691A41718B69}.Release Dynamic|x64.Build.0 = Release|x64
		{EE2279A0-B3A3-345D-A298-691A41718B69}.Release Dynamic|x86.ActiveCfg = MinSizeRel|x64
		{EE2279A0-B3A3-345D-A298-691A41718B69}.Release Dynamic|x86.Build.0 = MinSizeRel|x64
		{EE2279A0-B3A3-345D-A298-691A41718B69}.Release Static|Any CPU.ActiveCfg = MinSizeRel|x64
		{EE2279A0-B3A3-345D-A298-691A41718B69}.Release Static|Any CPU.Build.0 = MinSizeRel|x64
		{EE2279A0-B3A3-345D-A298-691A41718B69}.Release Static|x64.ActiveCfg = Release|x64
		{EE2279A0-B3A3-345D-A298-691A41718B69}.Release Static|x64.Build.0 = Release|x64
		{EE2279A0-B3A3-345D-A298-691A41718B69}.Release Static|x86.ActiveCfg = MinSizeRel|x64
		{EE2279A0-B3A3-345D-A298-691A41718B69}.Release Static|x86.Build.0 = MinSizeRel|x64
		{EE2279A0-B3A3-345D-A298-691A41718B69}.Release|Any CPU.ActiveCfg = Release|x64
		{EE2279A0-B3A3-345D-A298-691A41718B69}.Release|x64.ActiveCfg = Release|x64
		{EE2279A0-B3A3-345D-A298-691A41718B69}.Release|x64.Build.0 = Release|x64
		{EE2279A0-B3A3-345D-A298-691A41718B69}.Release|x86.ActiveCfg = Release|x64
		{EE2279A0-B3A3-345D-A298-691A41718B69}.RelWithDebInfo|Any CPU.ActiveCfg = RelWithDebInfo|x64
		{EE2279A0-B3A3-345D-A298-691A41718B69}.RelWithDebInfo|x64.ActiveCfg = RelWithDebInfo|x64
		{EE2279A0-B3A3-345D-A298-691A41718B69}.RelWithDebInfo|x64.Build.0 = RelWithDebInfo|x64
		{EE2279A0-B3A3-345D-A298-691A41718B69}.RelWithDebInfo|x86.ActiveCfg = RelWithDebInfo|x64
		{B4211A71-EA62-34BA-951A-681FE3522381}.Debug Dynamic|Any CPU.ActiveCfg = MinSizeRel|x64
		{B4211A71-EA62-34BA-951A-681FE3522381}.Debug Dynamic|Any CPU.Build.0 = MinSizeRel|x64
		{B4211A71-EA62-34BA-951A-681FE3522381}.Debug Dynamic|x64.ActiveCfg = Debug|x64
		{B4211A71-EA62-34BA-951A-681FE3522381}.Debug Dynamic|x64.Build.0 = Debug|x64
		{B4211A71-EA62-34BA-951A-681FE3522381}.Debug Dynamic|x86.ActiveCfg = MinSizeRel|x64
		{B4211A71-EA62-34BA-951A-681FE3522381}.Debug Dynamic|x86.Build.0 = MinSizeRel|x64
		{B4211A71-EA62-34BA-951A-681FE3522381}.Debug Static|Any CPU.ActiveCfg = MinSizeRel|x64
		{B4211A71-EA62-34BA-951A-681FE3522381}.Debug Static|Any CPU.Build.0 = MinSizeRel|x64
		{B4211A71-EA62-34BA-951A-681FE3522381}.Debug Static|x64.ActiveCfg = Debug|x64
		{B4211A71-EA62-34BA-951A-681FE3522381}.Debug Static|x64.Build.0 = Debug|x64
		{B4211A71-EA62-34BA-951A-681FE3522381}.Debug Static|x86.ActiveCfg = MinSizeRel|x64
		{B4211A71-EA62-34BA-951A-681FE3522381}.Debug Static|x86.Build.0 = MinSizeRel|x64
		{B4211A71-EA62-34BA-951A-681FE3522381}.Debug|Any CPU.ActiveCfg = Debug|x64
		{B4211A71-EA62-34BA-951A-681FE3522381}.Debug|x64.ActiveCfg = Debug|x64
		{B4211A71-EA62-34BA-951A-681FE3522381}.Debug|x64.Build.0 = Debug|x64
		{B4211A71-EA62-34BA-951A-681FE3522381}.Debug|x86.ActiveCfg = Debug|x64
		{B4211A71-EA62-34BA-951A-681FE3522381}.MinSizeRel|Any CPU.ActiveCfg = MinSizeRel|x64
		{B4211A71-EA62-34BA-951A-681FE3522381}.MinSizeRel|x64.ActiveCfg = MinSizeRel|x64
		{B4211A71-EA62-34BA-951A-681FE3522381}.MinSizeRel|x64.Build.0 = MinSizeRel|x64
		{B4211A71-EA62-34BA-951A-681FE3522381}.MinSizeRel|x86.ActiveCfg = MinSizeRel|x64
		{B4211A71-EA62-34BA-951A-681FE3522381}.Release Dynamic|Any CPU.ActiveCfg = MinSizeRel|x64
		{B4211A71-EA62-34BA-951A-681FE3522381}.Release Dynamic|Any CPU.Build.0 = MinSizeRel|x64
		{B4211A71-EA62-34BA-951A-681FE3522381}.Release Dynamic|x64.ActiveCfg = Release|x64
		{B4211A71-EA62-34BA-951A-681FE3522381}.Release Dynamic|x64.Build.0 = Release|x64
		{B4211A71-EA62-34BA-951A-681FE3522381}.Release Dynamic|x86.ActiveCfg = MinSizeRel|x64
		{B4211A71-EA62-34BA-951A-681FE3522381}.Release Dynamic|x86.Build.0 = MinSizeRel|x64
		{B4211A71-EA62-34BA-951A-681FE3522381}.Release Static|Any CPU.ActiveCfg = MinSizeRel|x64
		{B4211A71-EA62-34BA-951A-681FE3522381}.Release Static|Any CPU.Build.0 = MinSizeRel|x64
		{B4211A71-EA62-34BA-951A-681FE3522381}.Release Static|x64.ActiveCfg = Release|x64
		{B4211A71-EA62-34BA-951A-681FE3522381}.Release Static|x64.Build.0 = Release|x64
		{B4211A71-EA62-34BA-951A-681FE3522381}.Release Static|x86.ActiveCfg = MinSizeRel|x64
		{B4211A71-EA62-34BA-951A-681FE3522381}.Release Static|x86.Build.0 = MinSizeRel|x64
		{B4211A71-EA62-34BA-951A-681FE3522381}.Release|Any CPU.ActiveCfg = Release|x64
		{B4211A71-EA62-34BA-951A-681FE3522381}.Release|x64.ActiveCfg = Release|x64
		{B4211A71-EA62-34BA-951A-681FE3522381}.Release|x64.Build.0 = Release|x64
		{B4211A71-EA62-34BA-951A-681FE3522381}.Release|x86.ActiveCfg = Release|x64
		{B4211A71-EA62-34BA-951A-681FE3522381}.RelWithDebInfo|Any CPU.ActiveCfg = RelWithDebInfo|x64
		{B4211A71-EA62-34BA-951A-681FE3522381}.RelWithDebInfo|x64.ActiveCfg = RelWithDebInfo|x64
		{B4211A71-EA62-34BA-951A-681FE3522381}.RelWithDebInfo|x64.Build.0 = RelWithDebInfo|x64
		{B4211A71-EA62-34BA-951A-681FE3522381}.RelWithDebInfo|x86.ActiveCfg = RelWithDebInfo|x64
	EndGlobalSection
	GlobalSection(SolutionProperties) = preSolution
		HideSolutionNode = FALSE
	EndGlobalSection
	GlobalSection(NestedProjects) = preSolution
		{C521D3A9-6605-427E-8B44-9D284F597DAD} = {4C9AB961-F6EA-4D68-B84C-A16A49F13B4B}
		{A8E32855-F506-4E07-AA39-9FFF743CFFE6} = {C521D3A9-6605-427E-8B44-9D284F597DAD}
		{7E2C90A9-0A6D-4D9B-A1C2-87463810C65C} = {4C9AB961-F6EA-4D68-B84C-A16A49F13B4B}
		{947B42D7-A40E-318D-8F51-E325DFF39E54} = {7E2C90A9-0A6D-4D9B-A1C2-87463810C65C}
		{EE2279A0-B3A3-345D-A298-691A41718B69} = {7E2C90A9-0A6D-4D9B-A1C2-87463810C65C}
		{26D7217F-D492-4959-8FF2-405931648B9B} = {4C9AB961-F6EA-4D68-B84C-A16A49F13B4B}
		{B4211A71-EA62-34BA-951A-681FE3522381} = {26D7217F-D492-4959-8FF2-405931648B9B}
	EndGlobalSection
	GlobalSection(ExtensibilityGlobals) = postSolution
		SolutionGuid = {A47234E9-EED9-475E-AE57-3B7BD0515EA9}
	EndGlobalSection
EndGlobal
